// !$*UTF8*$!
{
	archiveVersion = 1;
	classes = {
	};
	objectVersion = 46;
	objects = {

/* Begin PBXBuildFile section */
		003BBC811EF7969E00EE2869 /* NJNavigatorController.m in Sources */ = {isa = PBXBuildFile; fileRef = 003BBC801EF7969E00EE2869 /* NJNavigatorController.m */; };
		003BBC8B1EF79D1400EE2869 /* NJPhotosController.m in Sources */ = {isa = PBXBuildFile; fileRef = 003BBC891EF79D1400EE2869 /* NJPhotosController.m */; };
		003BBC8E1EF7A01900EE2869 /* NJPhotosController.storyboard in Resources */ = {isa = PBXBuildFile; fileRef = 003BBC8D1EF7A01900EE2869 /* NJPhotosController.storyboard */; };
		003BBC911EF7B9E800EE2869 /* NJA.m in Sources */ = {isa = PBXBuildFile; fileRef = 003BBC901EF7B9E800EE2869 /* NJA.m */; };
		00CBBFBE1EF9EFDB00D9AEDB /* NSData+ImageContentType.m in Sources */ = {isa = PBXBuildFile; fileRef = 00CBBF9C1EF9EFDB00D9AEDB /* NSData+ImageContentType.m */; };
		00CBBFBF1EF9EFDB00D9AEDB /* NSImage+WebCache.m in Sources */ = {isa = PBXBuildFile; fileRef = 00CBBF9E1EF9EFDB00D9AEDB /* NSImage+WebCache.m */; };
		00CBBFC01EF9EFDB00D9AEDB /* SDImageCache.m in Sources */ = {isa = PBXBuildFile; fileRef = 00CBBFA01EF9EFDB00D9AEDB /* SDImageCache.m */; };
		00CBBFC11EF9EFDB00D9AEDB /* SDImageCacheConfig.m in Sources */ = {isa = PBXBuildFile; fileRef = 00CBBFA21EF9EFDB00D9AEDB /* SDImageCacheConfig.m */; };
		00CBBFC21EF9EFDB00D9AEDB /* SDWebImageCompat.m in Sources */ = {isa = PBXBuildFile; fileRef = 00CBBFA41EF9EFDB00D9AEDB /* SDWebImageCompat.m */; };
		00CBBFC31EF9EFDB00D9AEDB /* SDWebImageDecoder.m in Sources */ = {isa = PBXBuildFile; fileRef = 00CBBFA61EF9EFDB00D9AEDB /* SDWebImageDecoder.m */; };
		00CBBFC41EF9EFDB00D9AEDB /* SDWebImageDownloader.m in Sources */ = {isa = PBXBuildFile; fileRef = 00CBBFA81EF9EFDB00D9AEDB /* SDWebImageDownloader.m */; };
		00CBBFC51EF9EFDB00D9AEDB /* SDWebImageDownloaderOperation.m in Sources */ = {isa = PBXBuildFile; fileRef = 00CBBFAA1EF9EFDB00D9AEDB /* SDWebImageDownloaderOperation.m */; };
		00CBBFC61EF9EFDB00D9AEDB /* SDWebImageManager.m in Sources */ = {isa = PBXBuildFile; fileRef = 00CBBFAC1EF9EFDB00D9AEDB /* SDWebImageManager.m */; };
		00CBBFC71EF9EFDB00D9AEDB /* SDWebImagePrefetcher.m in Sources */ = {isa = PBXBuildFile; fileRef = 00CBBFAF1EF9EFDB00D9AEDB /* SDWebImagePrefetcher.m */; };
		00CBBFC81EF9EFDB00D9AEDB /* UIButton+WebCache.m in Sources */ = {isa = PBXBuildFile; fileRef = 00CBBFB11EF9EFDB00D9AEDB /* UIButton+WebCache.m */; };
		00CBBFC91EF9EFDB00D9AEDB /* UIImage+GIF.m in Sources */ = {isa = PBXBuildFile; fileRef = 00CBBFB31EF9EFDB00D9AEDB /* UIImage+GIF.m */; };
		00CBBFCA1EF9EFDB00D9AEDB /* UIImage+MultiFormat.m in Sources */ = {isa = PBXBuildFile; fileRef = 00CBBFB51EF9EFDB00D9AEDB /* UIImage+MultiFormat.m */; };
		00CBBFCB1EF9EFDB00D9AEDB /* UIImageView+HighlightedWebCache.m in Sources */ = {isa = PBXBuildFile; fileRef = 00CBBFB71EF9EFDB00D9AEDB /* UIImageView+HighlightedWebCache.m */; };
		00CBBFCC1EF9EFDB00D9AEDB /* UIImageView+WebCache.m in Sources */ = {isa = PBXBuildFile; fileRef = 00CBBFB91EF9EFDB00D9AEDB /* UIImageView+WebCache.m */; };
		00CBBFCD1EF9EFDB00D9AEDB /* UIView+WebCache.m in Sources */ = {isa = PBXBuildFile; fileRef = 00CBBFBB1EF9EFDB00D9AEDB /* UIView+WebCache.m */; };
		00CBBFCE1EF9EFDB00D9AEDB /* UIView+WebCacheOperation.m in Sources */ = {isa = PBXBuildFile; fileRef = 00CBBFBD1EF9EFDB00D9AEDB /* UIView+WebCacheOperation.m */; };
		00CBBFD71EF9EFF100D9AEDB /* NJQRCodeScanController.swift in Sources */ = {isa = PBXBuildFile; fileRef = 00CBBFD11EF9EFF100D9AEDB /* NJQRCodeScanController.swift */; };
		00CBBFD81EF9EFF100D9AEDB /* NJQRCodeScanOC.m in Sources */ = {isa = PBXBuildFile; fileRef = 00CBBFD31EF9EFF100D9AEDB /* NJQRCodeScanOC.m */; };
		00CBBFD91EF9EFF100D9AEDB /* QRCodeScanViewController.m in Sources */ = {isa = PBXBuildFile; fileRef = 00CBBFD51EF9EFF100D9AEDB /* QRCodeScanViewController.m */; };
		00CBBFDA1EF9EFF100D9AEDB /* QRCodeScanViewController.storyboard in Resources */ = {isa = PBXBuildFile; fileRef = 00CBBFD61EF9EFF100D9AEDB /* QRCodeScanViewController.storyboard */; };
		00CBBFDE1EF9F33400D9AEDB /* NJSDWebImageTest.m in Sources */ = {isa = PBXBuildFile; fileRef = 00CBBFDD1EF9F33400D9AEDB /* NJSDWebImageTest.m */; };
		00CBBFE01EF9F33C00D9AEDB /* NJSDWebImageTest.storyboard in Resources */ = {isa = PBXBuildFile; fileRef = 00CBBFDF1EF9F33C00D9AEDB /* NJSDWebImageTest.storyboard */; };
		00F809E21E81246F002FC6A0 /* main.m in Sources */ = {isa = PBXBuildFile; fileRef = 00F809E11E81246F002FC6A0 /* main.m */; };
		00F809E51E81246F002FC6A0 /* AppDelegate.m in Sources */ = {isa = PBXBuildFile; fileRef = 00F809E41E81246F002FC6A0 /* AppDelegate.m */; };
		00F809E81E81246F002FC6A0 /* ViewController.m in Sources */ = {isa = PBXBuildFile; fileRef = 00F809E71E81246F002FC6A0 /* ViewController.m */; };
		00F809EB1E81246F002FC6A0 /* Main.storyboard in Resources */ = {isa = PBXBuildFile; fileRef = 00F809E91E81246F002FC6A0 /* Main.storyboard */; };
		00F809ED1E81246F002FC6A0 /* Assets.xcassets in Resources */ = {isa = PBXBuildFile; fileRef = 00F809EC1E81246F002FC6A0 /* Assets.xcassets */; };
		00F809F01E81246F002FC6A0 /* LaunchScreen.storyboard in Resources */ = {isa = PBXBuildFile; fileRef = 00F809EE1E81246F002FC6A0 /* LaunchScreen.storyboard */; };
		00F809FC1E8126BC002FC6A0 /* NJRefreshExampleViewController.m in Sources */ = {isa = PBXBuildFile; fileRef = 00F809FB1E8126BC002FC6A0 /* NJRefreshExampleViewController.m */; };
		00F80A001E8126F7002FC6A0 /* NJBaseViewController.m in Sources */ = {isa = PBXBuildFile; fileRef = 00F809FF1E8126F7002FC6A0 /* NJBaseViewController.m */; };
		00F80A0A1E8127D0002FC6A0 /* UIButton+NJButton.m in Sources */ = {isa = PBXBuildFile; fileRef = 00F80A071E8127D0002FC6A0 /* UIButton+NJButton.m */; };
		00F80A0B1E8127D0002FC6A0 /* UIView+NJView.m in Sources */ = {isa = PBXBuildFile; fileRef = 00F80A091E8127D0002FC6A0 /* UIView+NJView.m */; };
		00F80A3C1E812B0E002FC6A0 /* MJRefreshAutoFooter.m in Sources */ = {isa = PBXBuildFile; fileRef = 00F80A101E812B0E002FC6A0 /* MJRefreshAutoFooter.m */; };
		00F80A3D1E812B0E002FC6A0 /* MJRefreshBackFooter.m in Sources */ = {isa = PBXBuildFile; fileRef = 00F80A121E812B0E002FC6A0 /* MJRefreshBackFooter.m */; };
		00F80A3E1E812B0E002FC6A0 /* MJRefreshComponent.m in Sources */ = {isa = PBXBuildFile; fileRef = 00F80A141E812B0E002FC6A0 /* MJRefreshComponent.m */; };
		00F80A3F1E812B0E002FC6A0 /* MJRefreshFooter.m in Sources */ = {isa = PBXBuildFile; fileRef = 00F80A161E812B0E002FC6A0 /* MJRefreshFooter.m */; };
		00F80A401E812B0E002FC6A0 /* MJRefreshHeader.m in Sources */ = {isa = PBXBuildFile; fileRef = 00F80A181E812B0E002FC6A0 /* MJRefreshHeader.m */; };
		00F80A411E812B0E002FC6A0 /* MJRefreshAutoGifFooter.m in Sources */ = {isa = PBXBuildFile; fileRef = 00F80A1D1E812B0E002FC6A0 /* MJRefreshAutoGifFooter.m */; };
		00F80A421E812B0E002FC6A0 /* MJRefreshAutoNormalFooter.m in Sources */ = {isa = PBXBuildFile; fileRef = 00F80A1F1E812B0E002FC6A0 /* MJRefreshAutoNormalFooter.m */; };
		00F80A431E812B0E002FC6A0 /* MJRefreshAutoStateFooter.m in Sources */ = {isa = PBXBuildFile; fileRef = 00F80A211E812B0E002FC6A0 /* MJRefreshAutoStateFooter.m */; };
		00F80A441E812B0E002FC6A0 /* MJRefreshBackGifFooter.m in Sources */ = {isa = PBXBuildFile; fileRef = 00F80A241E812B0E002FC6A0 /* MJRefreshBackGifFooter.m */; };
		00F80A451E812B0E002FC6A0 /* MJRefreshBackNormalFooter.m in Sources */ = {isa = PBXBuildFile; fileRef = 00F80A261E812B0E002FC6A0 /* MJRefreshBackNormalFooter.m */; };
		00F80A461E812B0E002FC6A0 /* MJRefreshBackStateFooter.m in Sources */ = {isa = PBXBuildFile; fileRef = 00F80A281E812B0E002FC6A0 /* MJRefreshBackStateFooter.m */; };
		00F80A471E812B0E002FC6A0 /* MJRefreshGifHeader.m in Sources */ = {isa = PBXBuildFile; fileRef = 00F80A2B1E812B0E002FC6A0 /* MJRefreshGifHeader.m */; };
		00F80A481E812B0E002FC6A0 /* MJRefreshNormalHeader.m in Sources */ = {isa = PBXBuildFile; fileRef = 00F80A2D1E812B0E002FC6A0 /* MJRefreshNormalHeader.m */; };
		00F80A491E812B0E002FC6A0 /* MJRefreshStateHeader.m in Sources */ = {isa = PBXBuildFile; fileRef = 00F80A2F1E812B0E002FC6A0 /* MJRefreshStateHeader.m */; };
		00F80A4A1E812B0E002FC6A0 /* MJRefresh.bundle in Resources */ = {isa = PBXBuildFile; fileRef = 00F80A301E812B0E002FC6A0 /* MJRefresh.bundle */; };
		00F80A4B1E812B0E002FC6A0 /* MJRefreshConst.m in Sources */ = {isa = PBXBuildFile; fileRef = 00F80A331E812B0E002FC6A0 /* MJRefreshConst.m */; };
		00F80A4C1E812B0E002FC6A0 /* NSBundle+MJRefresh.m in Sources */ = {isa = PBXBuildFile; fileRef = 00F80A351E812B0E002FC6A0 /* NSBundle+MJRefresh.m */; };
		00F80A4D1E812B0E002FC6A0 /* UIScrollView+MJExtension.m in Sources */ = {isa = PBXBuildFile; fileRef = 00F80A371E812B0E002FC6A0 /* UIScrollView+MJExtension.m */; };
		00F80A4E1E812B0E002FC6A0 /* UIScrollView+MJRefresh.m in Sources */ = {isa = PBXBuildFile; fileRef = 00F80A391E812B0E002FC6A0 /* UIScrollView+MJRefresh.m */; };
		00F80A4F1E812B0E002FC6A0 /* UIView+MJExtension.m in Sources */ = {isa = PBXBuildFile; fileRef = 00F80A3B1E812B0E002FC6A0 /* UIView+MJExtension.m */; };
		1F12C51C1F6A500E003C6565 /* NJPortraitCameraViewController.m in Sources */ = {isa = PBXBuildFile; fileRef = 1F12C51B1F6A500E003C6565 /* NJPortraitCameraViewController.m */; };
		1F12C51E1F6A501E003C6565 /* NJPortraitCameraViewController.storyboard in Resources */ = {isa = PBXBuildFile; fileRef = 1F12C51D1F6A501E003C6565 /* NJPortraitCameraViewController.storyboard */; };
		1F12C5211F6A503D003C6565 /* NJCustomPortaitCameraViewController.m in Sources */ = {isa = PBXBuildFile; fileRef = 1F12C5201F6A503D003C6565 /* NJCustomPortaitCameraViewController.m */; };
		1F2275F21F7C994100ACE1BF /* NJFindContoursViewController.m in Sources */ = {isa = PBXBuildFile; fileRef = 1F2275F11F7C994100ACE1BF /* NJFindContoursViewController.m */; };
		1F25C7331F8EF53000D2F9D8 /* NJTemplateMatchingViewController.mm in Sources */ = {isa = PBXBuildFile; fileRef = 1F25C7321F8EF53000D2F9D8 /* NJTemplateMatchingViewController.mm */; };
		1F25C7381F8EFF3000D2F9D8 /* template_src.png in Resources */ = {isa = PBXBuildFile; fileRef = 1F25C7371F8EFD6500D2F9D8 /* template_src.png */; };
		1F25C7391F8EFF3200D2F9D8 /* template_target.png in Resources */ = {isa = PBXBuildFile; fileRef = 1F25C7361F8EFD6500D2F9D8 /* template_target.png */; };
		1F25C73D1F8F081500D2F9D8 /* target.png in Resources */ = {isa = PBXBuildFile; fileRef = 1F25C73A1F8F07BA00D2F9D8 /* target.png */; };
		1F25C73F1F8F08F000D2F9D8 /* src.png in Resources */ = {isa = PBXBuildFile; fileRef = 1F25C73E1F8F08EE00D2F9D8 /* src.png */; };
		1F25C7411F8F098700D2F9D8 /* src1.png in Resources */ = {isa = PBXBuildFile; fileRef = 1F25C7401F8F096C00D2F9D8 /* src1.png */; };
		1F25C7451F8F0B1F00D2F9D8 /* src2.png in Resources */ = {isa = PBXBuildFile; fileRef = 1F25C7421F8F0B1B00D2F9D8 /* src2.png */; };
		1F25C7461F8F0B1F00D2F9D8 /* src3.png in Resources */ = {isa = PBXBuildFile; fileRef = 1F25C7431F8F0B1B00D2F9D8 /* src3.png */; };
		1F25C7471F8F0B1F00D2F9D8 /* src4.png in Resources */ = {isa = PBXBuildFile; fileRef = 1F25C7441F8F0B1B00D2F9D8 /* src4.png */; };
		1F25C74B1F8F3FB100D2F9D8 /* UIImage+NJOrientation.m in Sources */ = {isa = PBXBuildFile; fileRef = 1F25C74A1F8F3FB100D2F9D8 /* UIImage+NJOrientation.m */; };
		1F25C74E1F8F4BE400D2F9D8 /* gender.png in Resources */ = {isa = PBXBuildFile; fileRef = 1F25C74D1F8F4BE100D2F9D8 /* gender.png */; };
		1F25C74F1F8F4BE400D2F9D8 /* name.png in Resources */ = {isa = PBXBuildFile; fileRef = 1F25C74C1F8F4BE000D2F9D8 /* name.png */; };
		1F25C7511F8F53FE00D2F9D8 /* src5.png in Resources */ = {isa = PBXBuildFile; fileRef = 1F25C7501F8F53FC00D2F9D8 /* src5.png */; };
		1F25C7531F8F54FD00D2F9D8 /* src6.png in Resources */ = {isa = PBXBuildFile; fileRef = 1F25C7521F8F54FA00D2F9D8 /* src6.png */; };
		1F25C7551F8F6DB300D2F9D8 /* back1.png in Resources */ = {isa = PBXBuildFile; fileRef = 1F25C7541F8F6DAF00D2F9D8 /* back1.png */; };
		1F25C7571F8F6E1000D2F9D8 /* emblem.png in Resources */ = {isa = PBXBuildFile; fileRef = 1F25C7561F8F6DBE00D2F9D8 /* emblem.png */; };
		1F2A788E1F676B9100728902 /* NJQRCodeScanShadowLayer.m in Sources */ = {isa = PBXBuildFile; fileRef = 1F2A788D1F676B9100728902 /* NJQRCodeScanShadowLayer.m */; };
		1F2F95CD1F37FCBE00BAD1E1 /* NJUtility.m in Sources */ = {isa = PBXBuildFile; fileRef = 1F2F95CC1F37FCBE00BAD1E1 /* NJUtility.m */; };
		1F2F95D11F3802BE00BAD1E1 /* NJUtilityTestViewController.m in Sources */ = {isa = PBXBuildFile; fileRef = 1F2F95D01F3802BE00BAD1E1 /* NJUtilityTestViewController.m */; };
		1F37327F1F0E631D00D01F53 /* NJMessageForwardController.m in Sources */ = {isa = PBXBuildFile; fileRef = 1F37327E1F0E631D00D01F53 /* NJMessageForwardController.m */; };
		1F3DE3D71F698DCD0079216C /* NJCameraViewController.m in Sources */ = {isa = PBXBuildFile; fileRef = 1F3DE3D61F698DCD0079216C /* NJCameraViewController.m */; };
		1F3DE3DA1F698E030079216C /* NJCustomCameraViewController.m in Sources */ = {isa = PBXBuildFile; fileRef = 1F3DE3D91F698E030079216C /* NJCustomCameraViewController.m */; };
		1F3DE3DC1F6990D30079216C /* NJCameraViewController.storyboard in Resources */ = {isa = PBXBuildFile; fileRef = 1F3DE3DB1F6990D30079216C /* NJCameraViewController.storyboard */; };
		1F4E64351F7BF5B6007D01EC /* opencv2.framework in Frameworks */ = {isa = PBXBuildFile; fileRef = 1F4E64341F7BF5B6007D01EC /* opencv2.framework */; };
		1F4E64371F7BF5BB007D01EC /* libjpeg.a in Frameworks */ = {isa = PBXBuildFile; fileRef = 1F4E64361F7BF5BB007D01EC /* libjpeg.a */; };
		1F4E643F1F7BF710007D01EC /* NJOpenCVUtils.mm in Sources */ = {isa = PBXBuildFile; fileRef = 1F4E643E1F7BF710007D01EC /* NJOpenCVUtils.mm */; };
		1F4E64421F7BF9A4007D01EC /* CoreGraphics.framework in Frameworks */ = {isa = PBXBuildFile; fileRef = 1F4E64411F7BF9A4007D01EC /* CoreGraphics.framework */; };
		1F4E64441F7BF9A9007D01EC /* CoreImage.framework in Frameworks */ = {isa = PBXBuildFile; fileRef = 1F4E64431F7BF9A9007D01EC /* CoreImage.framework */; };
		1F4E64461F7BF9B0007D01EC /* CoreVideo.framework in Frameworks */ = {isa = PBXBuildFile; fileRef = 1F4E64451F7BF9B0007D01EC /* CoreVideo.framework */; };
		1F4E64481F7BF9B8007D01EC /* QuartzCore.framework in Frameworks */ = {isa = PBXBuildFile; fileRef = 1F4E64471F7BF9B8007D01EC /* QuartzCore.framework */; };
		1F4E644A1F7BF9BD007D01EC /* Foundation.framework in Frameworks */ = {isa = PBXBuildFile; fileRef = 1F4E64491F7BF9BD007D01EC /* Foundation.framework */; };
		1F4E644C1F7BF9C3007D01EC /* Accelerate.framework in Frameworks */ = {isa = PBXBuildFile; fileRef = 1F4E644B1F7BF9C3007D01EC /* Accelerate.framework */; };
		1F4E644E1F7BF9C8007D01EC /* UIKit.framework in Frameworks */ = {isa = PBXBuildFile; fileRef = 1F4E644D1F7BF9C8007D01EC /* UIKit.framework */; };
		1F4E64501F7BF9CE007D01EC /* libc++.tbd in Frameworks */ = {isa = PBXBuildFile; fileRef = 1F4E644F1F7BF9CE007D01EC /* libc++.tbd */; };
		1F4E64521F7BF9D6007D01EC /* CoreMedia.framework in Frameworks */ = {isa = PBXBuildFile; fileRef = 1F4E64511F7BF9D6007D01EC /* CoreMedia.framework */; };
		1F4E64541F7BF9DE007D01EC /* AssetsLibrary.framework in Frameworks */ = {isa = PBXBuildFile; fileRef = 1F4E64531F7BF9DE007D01EC /* AssetsLibrary.framework */; };
		1F4E64561F7BF9E3007D01EC /* AVFoundation.framework in Frameworks */ = {isa = PBXBuildFile; fileRef = 1F4E64551F7BF9E3007D01EC /* AVFoundation.framework */; };
		1F82EC9B1F94AC0300145FF5 /* NJHoughLineViewController.m in Sources */ = {isa = PBXBuildFile; fileRef = 1F82EC981F94AB1D00145FF5 /* NJHoughLineViewController.m */; };
		1F82EC9D1F94AC3A00145FF5 /* NJHIstogramViewController.m in Sources */ = {isa = PBXBuildFile; fileRef = 1F4E643A1F7BF5F3007D01EC /* NJHIstogramViewController.m */; };
		1F82ECC91F94BFC300145FF5 /* NJOpenCVBaseViewController.m in Sources */ = {isa = PBXBuildFile; fileRef = 1F2275F41F7C99F700ACE1BF /* NJOpenCVBaseViewController.m */; };
		1F82ED8F1F98526F00145FF5 /* NJIQKeyboardViewController.m in Sources */ = {isa = PBXBuildFile; fileRef = 1F82ED8E1F98526F00145FF5 /* NJIQKeyboardViewController.m */; };
		1F82ED921F98546F00145FF5 /* IQKeyboardManager.m in Sources */ = {isa = PBXBuildFile; fileRef = 1F82ED791F98523C00145FF5 /* IQKeyboardManager.m */; };
		1F82ED931F98546F00145FF5 /* IQKeyboardReturnKeyHandler.m in Sources */ = {isa = PBXBuildFile; fileRef = 1F82ED7B1F98523C00145FF5 /* IQKeyboardReturnKeyHandler.m */; };
		1F82ED941F98546F00145FF5 /* IQBarButtonItem.m in Sources */ = {isa = PBXBuildFile; fileRef = 1F82ED811F98523C00145FF5 /* IQBarButtonItem.m */; };
		1F82ED951F98546F00145FF5 /* IQPreviousNextView.m in Sources */ = {isa = PBXBuildFile; fileRef = 1F82ED831F98523C00145FF5 /* IQPreviousNextView.m */; };
		1F82ED961F98546F00145FF5 /* IQTitleBarButtonItem.m in Sources */ = {isa = PBXBuildFile; fileRef = 1F82ED851F98523C00145FF5 /* IQTitleBarButtonItem.m */; };
		1F82ED971F98546F00145FF5 /* IQToolbar.m in Sources */ = {isa = PBXBuildFile; fileRef = 1F82ED871F98523C00145FF5 /* IQToolbar.m */; };
		1F82ED981F98546F00145FF5 /* IQUIView+IQKeyboardToolbar.m in Sources */ = {isa = PBXBuildFile; fileRef = 1F82ED891F98523C00145FF5 /* IQUIView+IQKeyboardToolbar.m */; };
		1F82ED991F98547E00145FF5 /* IQNSArray+Sort.m in Sources */ = {isa = PBXBuildFile; fileRef = 1F82ED6A1F98523C00145FF5 /* IQNSArray+Sort.m */; };
		1F82ED9A1F98547E00145FF5 /* IQUIScrollView+Additions.m in Sources */ = {isa = PBXBuildFile; fileRef = 1F82ED6C1F98523C00145FF5 /* IQUIScrollView+Additions.m */; };
		1F82ED9B1F98547E00145FF5 /* IQUITextFieldView+Additions.m in Sources */ = {isa = PBXBuildFile; fileRef = 1F82ED6E1F98523C00145FF5 /* IQUITextFieldView+Additions.m */; };
		1F82ED9C1F98547E00145FF5 /* IQUIView+Hierarchy.m in Sources */ = {isa = PBXBuildFile; fileRef = 1F82ED701F98523C00145FF5 /* IQUIView+Hierarchy.m */; };
		1F82ED9D1F98547E00145FF5 /* IQUIViewController+Additions.m in Sources */ = {isa = PBXBuildFile; fileRef = 1F82ED721F98523C00145FF5 /* IQUIViewController+Additions.m */; };
		1F82ED9E1F98547E00145FF5 /* IQUIWindow+Hierarchy.m in Sources */ = {isa = PBXBuildFile; fileRef = 1F82ED741F98523C00145FF5 /* IQUIWindow+Hierarchy.m */; };
		1F82ED9F1F98547E00145FF5 /* IQTextView.m in Sources */ = {isa = PBXBuildFile; fileRef = 1F82ED7E1F98523C00145FF5 /* IQTextView.m */; };
		1FACB5191F0FD0D9008A3DFC /* NJCell.m in Sources */ = {isa = PBXBuildFile; fileRef = 1FACB5181F0FD0D9008A3DFC /* NJCell.m */; };
		1FACB51D1F10C544008A3DFC /* NJCameraController.m in Sources */ = {isa = PBXBuildFile; fileRef = 1FACB51C1F10C544008A3DFC /* NJCameraController.m */; };
/* End PBXBuildFile section */

/* Begin PBXFileReference section */
		003BBC7F1EF7969E00EE2869 /* NJNavigatorController.h */ = {isa = PBXFileReference; fileEncoding = 4; lastKnownFileType = sourcecode.c.h; path = NJNavigatorController.h; sourceTree = "<group>"; };
		003BBC801EF7969E00EE2869 /* NJNavigatorController.m */ = {isa = PBXFileReference; fileEncoding = 4; lastKnownFileType = sourcecode.c.objc; path = NJNavigatorController.m; sourceTree = "<group>"; };
		003BBC881EF79D1400EE2869 /* NJPhotosController.h */ = {isa = PBXFileReference; fileEncoding = 4; lastKnownFileType = sourcecode.c.h; path = NJPhotosController.h; sourceTree = "<group>"; };
		003BBC891EF79D1400EE2869 /* NJPhotosController.m */ = {isa = PBXFileReference; fileEncoding = 4; lastKnownFileType = sourcecode.c.objc; path = NJPhotosController.m; sourceTree = "<group>"; };
		003BBC8D1EF7A01900EE2869 /* NJPhotosController.storyboard */ = {isa = PBXFileReference; fileEncoding = 4; lastKnownFileType = file.storyboard; path = NJPhotosController.storyboard; sourceTree = "<group>"; };
		003BBC8F1EF7B9E800EE2869 /* NJA.h */ = {isa = PBXFileReference; fileEncoding = 4; lastKnownFileType = sourcecode.c.h; path = NJA.h; sourceTree = "<group>"; };
		003BBC901EF7B9E800EE2869 /* NJA.m */ = {isa = PBXFileReference; fileEncoding = 4; lastKnownFileType = sourcecode.c.objc; path = NJA.m; sourceTree = "<group>"; };
		00CBBF9B1EF9EFDB00D9AEDB /* NSData+ImageContentType.h */ = {isa = PBXFileReference; fileEncoding = 4; lastKnownFileType = sourcecode.c.h; path = "NSData+ImageContentType.h"; sourceTree = "<group>"; };
		00CBBF9C1EF9EFDB00D9AEDB /* NSData+ImageContentType.m */ = {isa = PBXFileReference; fileEncoding = 4; lastKnownFileType = sourcecode.c.objc; path = "NSData+ImageContentType.m"; sourceTree = "<group>"; };
		00CBBF9D1EF9EFDB00D9AEDB /* NSImage+WebCache.h */ = {isa = PBXFileReference; fileEncoding = 4; lastKnownFileType = sourcecode.c.h; path = "NSImage+WebCache.h"; sourceTree = "<group>"; };
		00CBBF9E1EF9EFDB00D9AEDB /* NSImage+WebCache.m */ = {isa = PBXFileReference; fileEncoding = 4; lastKnownFileType = sourcecode.c.objc; path = "NSImage+WebCache.m"; sourceTree = "<group>"; };
		00CBBF9F1EF9EFDB00D9AEDB /* SDImageCache.h */ = {isa = PBXFileReference; fileEncoding = 4; lastKnownFileType = sourcecode.c.h; path = SDImageCache.h; sourceTree = "<group>"; };
		00CBBFA01EF9EFDB00D9AEDB /* SDImageCache.m */ = {isa = PBXFileReference; fileEncoding = 4; lastKnownFileType = sourcecode.c.objc; path = SDImageCache.m; sourceTree = "<group>"; };
		00CBBFA11EF9EFDB00D9AEDB /* SDImageCacheConfig.h */ = {isa = PBXFileReference; fileEncoding = 4; lastKnownFileType = sourcecode.c.h; path = SDImageCacheConfig.h; sourceTree = "<group>"; };
		00CBBFA21EF9EFDB00D9AEDB /* SDImageCacheConfig.m */ = {isa = PBXFileReference; fileEncoding = 4; lastKnownFileType = sourcecode.c.objc; path = SDImageCacheConfig.m; sourceTree = "<group>"; };
		00CBBFA31EF9EFDB00D9AEDB /* SDWebImageCompat.h */ = {isa = PBXFileReference; fileEncoding = 4; lastKnownFileType = sourcecode.c.h; path = SDWebImageCompat.h; sourceTree = "<group>"; };
		00CBBFA41EF9EFDB00D9AEDB /* SDWebImageCompat.m */ = {isa = PBXFileReference; fileEncoding = 4; lastKnownFileType = sourcecode.c.objc; path = SDWebImageCompat.m; sourceTree = "<group>"; };
		00CBBFA51EF9EFDB00D9AEDB /* SDWebImageDecoder.h */ = {isa = PBXFileReference; fileEncoding = 4; lastKnownFileType = sourcecode.c.h; path = SDWebImageDecoder.h; sourceTree = "<group>"; };
		00CBBFA61EF9EFDB00D9AEDB /* SDWebImageDecoder.m */ = {isa = PBXFileReference; fileEncoding = 4; lastKnownFileType = sourcecode.c.objc; path = SDWebImageDecoder.m; sourceTree = "<group>"; };
		00CBBFA71EF9EFDB00D9AEDB /* SDWebImageDownloader.h */ = {isa = PBXFileReference; fileEncoding = 4; lastKnownFileType = sourcecode.c.h; path = SDWebImageDownloader.h; sourceTree = "<group>"; };
		00CBBFA81EF9EFDB00D9AEDB /* SDWebImageDownloader.m */ = {isa = PBXFileReference; fileEncoding = 4; lastKnownFileType = sourcecode.c.objc; path = SDWebImageDownloader.m; sourceTree = "<group>"; };
		00CBBFA91EF9EFDB00D9AEDB /* SDWebImageDownloaderOperation.h */ = {isa = PBXFileReference; fileEncoding = 4; lastKnownFileType = sourcecode.c.h; path = SDWebImageDownloaderOperation.h; sourceTree = "<group>"; };
		00CBBFAA1EF9EFDB00D9AEDB /* SDWebImageDownloaderOperation.m */ = {isa = PBXFileReference; fileEncoding = 4; lastKnownFileType = sourcecode.c.objc; path = SDWebImageDownloaderOperation.m; sourceTree = "<group>"; };
		00CBBFAB1EF9EFDB00D9AEDB /* SDWebImageManager.h */ = {isa = PBXFileReference; fileEncoding = 4; lastKnownFileType = sourcecode.c.h; path = SDWebImageManager.h; sourceTree = "<group>"; };
		00CBBFAC1EF9EFDB00D9AEDB /* SDWebImageManager.m */ = {isa = PBXFileReference; fileEncoding = 4; lastKnownFileType = sourcecode.c.objc; path = SDWebImageManager.m; sourceTree = "<group>"; };
		00CBBFAD1EF9EFDB00D9AEDB /* SDWebImageOperation.h */ = {isa = PBXFileReference; fileEncoding = 4; lastKnownFileType = sourcecode.c.h; path = SDWebImageOperation.h; sourceTree = "<group>"; };
		00CBBFAE1EF9EFDB00D9AEDB /* SDWebImagePrefetcher.h */ = {isa = PBXFileReference; fileEncoding = 4; lastKnownFileType = sourcecode.c.h; path = SDWebImagePrefetcher.h; sourceTree = "<group>"; };
		00CBBFAF1EF9EFDB00D9AEDB /* SDWebImagePrefetcher.m */ = {isa = PBXFileReference; fileEncoding = 4; lastKnownFileType = sourcecode.c.objc; path = SDWebImagePrefetcher.m; sourceTree = "<group>"; };
		00CBBFB01EF9EFDB00D9AEDB /* UIButton+WebCache.h */ = {isa = PBXFileReference; fileEncoding = 4; lastKnownFileType = sourcecode.c.h; path = "UIButton+WebCache.h"; sourceTree = "<group>"; };
		00CBBFB11EF9EFDB00D9AEDB /* UIButton+WebCache.m */ = {isa = PBXFileReference; fileEncoding = 4; lastKnownFileType = sourcecode.c.objc; path = "UIButton+WebCache.m"; sourceTree = "<group>"; };
		00CBBFB21EF9EFDB00D9AEDB /* UIImage+GIF.h */ = {isa = PBXFileReference; fileEncoding = 4; lastKnownFileType = sourcecode.c.h; path = "UIImage+GIF.h"; sourceTree = "<group>"; };
		00CBBFB31EF9EFDB00D9AEDB /* UIImage+GIF.m */ = {isa = PBXFileReference; fileEncoding = 4; lastKnownFileType = sourcecode.c.objc; path = "UIImage+GIF.m"; sourceTree = "<group>"; };
		00CBBFB41EF9EFDB00D9AEDB /* UIImage+MultiFormat.h */ = {isa = PBXFileReference; fileEncoding = 4; lastKnownFileType = sourcecode.c.h; path = "UIImage+MultiFormat.h"; sourceTree = "<group>"; };
		00CBBFB51EF9EFDB00D9AEDB /* UIImage+MultiFormat.m */ = {isa = PBXFileReference; fileEncoding = 4; lastKnownFileType = sourcecode.c.objc; path = "UIImage+MultiFormat.m"; sourceTree = "<group>"; };
		00CBBFB61EF9EFDB00D9AEDB /* UIImageView+HighlightedWebCache.h */ = {isa = PBXFileReference; fileEncoding = 4; lastKnownFileType = sourcecode.c.h; path = "UIImageView+HighlightedWebCache.h"; sourceTree = "<group>"; };
		00CBBFB71EF9EFDB00D9AEDB /* UIImageView+HighlightedWebCache.m */ = {isa = PBXFileReference; fileEncoding = 4; lastKnownFileType = sourcecode.c.objc; path = "UIImageView+HighlightedWebCache.m"; sourceTree = "<group>"; };
		00CBBFB81EF9EFDB00D9AEDB /* UIImageView+WebCache.h */ = {isa = PBXFileReference; fileEncoding = 4; lastKnownFileType = sourcecode.c.h; path = "UIImageView+WebCache.h"; sourceTree = "<group>"; };
		00CBBFB91EF9EFDB00D9AEDB /* UIImageView+WebCache.m */ = {isa = PBXFileReference; fileEncoding = 4; lastKnownFileType = sourcecode.c.objc; path = "UIImageView+WebCache.m"; sourceTree = "<group>"; };
		00CBBFBA1EF9EFDB00D9AEDB /* UIView+WebCache.h */ = {isa = PBXFileReference; fileEncoding = 4; lastKnownFileType = sourcecode.c.h; path = "UIView+WebCache.h"; sourceTree = "<group>"; };
		00CBBFBB1EF9EFDB00D9AEDB /* UIView+WebCache.m */ = {isa = PBXFileReference; fileEncoding = 4; lastKnownFileType = sourcecode.c.objc; path = "UIView+WebCache.m"; sourceTree = "<group>"; };
		00CBBFBC1EF9EFDB00D9AEDB /* UIView+WebCacheOperation.h */ = {isa = PBXFileReference; fileEncoding = 4; lastKnownFileType = sourcecode.c.h; path = "UIView+WebCacheOperation.h"; sourceTree = "<group>"; };
		00CBBFBD1EF9EFDB00D9AEDB /* UIView+WebCacheOperation.m */ = {isa = PBXFileReference; fileEncoding = 4; lastKnownFileType = sourcecode.c.objc; path = "UIView+WebCacheOperation.m"; sourceTree = "<group>"; };
		00CBBFD01EF9EFF100D9AEDB /* NJProject-Bridging-Header.h */ = {isa = PBXFileReference; fileEncoding = 4; lastKnownFileType = sourcecode.c.h; path = "NJProject-Bridging-Header.h"; sourceTree = "<group>"; };
		00CBBFD11EF9EFF100D9AEDB /* NJQRCodeScanController.swift */ = {isa = PBXFileReference; fileEncoding = 4; lastKnownFileType = sourcecode.swift; path = NJQRCodeScanController.swift; sourceTree = "<group>"; };
		00CBBFD21EF9EFF100D9AEDB /* NJQRCodeScanOC.h */ = {isa = PBXFileReference; fileEncoding = 4; lastKnownFileType = sourcecode.c.h; path = NJQRCodeScanOC.h; sourceTree = "<group>"; };
		00CBBFD31EF9EFF100D9AEDB /* NJQRCodeScanOC.m */ = {isa = PBXFileReference; fileEncoding = 4; lastKnownFileType = sourcecode.c.objc; path = NJQRCodeScanOC.m; sourceTree = "<group>"; };
		00CBBFD41EF9EFF100D9AEDB /* QRCodeScanViewController.h */ = {isa = PBXFileReference; fileEncoding = 4; lastKnownFileType = sourcecode.c.h; path = QRCodeScanViewController.h; sourceTree = "<group>"; };
		00CBBFD51EF9EFF100D9AEDB /* QRCodeScanViewController.m */ = {isa = PBXFileReference; fileEncoding = 4; lastKnownFileType = sourcecode.c.objc; path = QRCodeScanViewController.m; sourceTree = "<group>"; };
		00CBBFD61EF9EFF100D9AEDB /* QRCodeScanViewController.storyboard */ = {isa = PBXFileReference; fileEncoding = 4; lastKnownFileType = file.storyboard; path = QRCodeScanViewController.storyboard; sourceTree = "<group>"; };
		00CBBFDC1EF9F33400D9AEDB /* NJSDWebImageTest.h */ = {isa = PBXFileReference; fileEncoding = 4; lastKnownFileType = sourcecode.c.h; path = NJSDWebImageTest.h; sourceTree = "<group>"; };
		00CBBFDD1EF9F33400D9AEDB /* NJSDWebImageTest.m */ = {isa = PBXFileReference; fileEncoding = 4; lastKnownFileType = sourcecode.c.objc; path = NJSDWebImageTest.m; sourceTree = "<group>"; };
		00CBBFDF1EF9F33C00D9AEDB /* NJSDWebImageTest.storyboard */ = {isa = PBXFileReference; fileEncoding = 4; lastKnownFileType = file.storyboard; path = NJSDWebImageTest.storyboard; sourceTree = "<group>"; };
		00F809DD1E81246F002FC6A0 /* NJProject.app */ = {isa = PBXFileReference; explicitFileType = wrapper.application; includeInIndex = 0; path = NJProject.app; sourceTree = BUILT_PRODUCTS_DIR; };
		00F809E11E81246F002FC6A0 /* main.m */ = {isa = PBXFileReference; lastKnownFileType = sourcecode.c.objc; path = main.m; sourceTree = "<group>"; };
		00F809E31E81246F002FC6A0 /* AppDelegate.h */ = {isa = PBXFileReference; lastKnownFileType = sourcecode.c.h; path = AppDelegate.h; sourceTree = "<group>"; };
		00F809E41E81246F002FC6A0 /* AppDelegate.m */ = {isa = PBXFileReference; lastKnownFileType = sourcecode.c.objc; path = AppDelegate.m; sourceTree = "<group>"; };
		00F809E61E81246F002FC6A0 /* ViewController.h */ = {isa = PBXFileReference; lastKnownFileType = sourcecode.c.h; path = ViewController.h; sourceTree = "<group>"; };
		00F809E71E81246F002FC6A0 /* ViewController.m */ = {isa = PBXFileReference; lastKnownFileType = sourcecode.c.objc; path = ViewController.m; sourceTree = "<group>"; };
		00F809EA1E81246F002FC6A0 /* Base */ = {isa = PBXFileReference; lastKnownFileType = file.storyboard; name = Base; path = Base.lproj/Main.storyboard; sourceTree = "<group>"; };
		00F809EC1E81246F002FC6A0 /* Assets.xcassets */ = {isa = PBXFileReference; lastKnownFileType = folder.assetcatalog; path = Assets.xcassets; sourceTree = "<group>"; };
		00F809EF1E81246F002FC6A0 /* Base */ = {isa = PBXFileReference; lastKnownFileType = file.storyboard; name = Base; path = Base.lproj/LaunchScreen.storyboard; sourceTree = "<group>"; };
		00F809F11E81246F002FC6A0 /* Info.plist */ = {isa = PBXFileReference; lastKnownFileType = text.plist.xml; path = Info.plist; sourceTree = "<group>"; };
		00F809FA1E8126BC002FC6A0 /* NJRefreshExampleViewController.h */ = {isa = PBXFileReference; fileEncoding = 4; lastKnownFileType = sourcecode.c.h; path = NJRefreshExampleViewController.h; sourceTree = "<group>"; };
		00F809FB1E8126BC002FC6A0 /* NJRefreshExampleViewController.m */ = {isa = PBXFileReference; fileEncoding = 4; lastKnownFileType = sourcecode.c.objc; path = NJRefreshExampleViewController.m; sourceTree = "<group>"; };
		00F809FE1E8126F7002FC6A0 /* NJBaseViewController.h */ = {isa = PBXFileReference; fileEncoding = 4; lastKnownFileType = sourcecode.c.h; path = NJBaseViewController.h; sourceTree = "<group>"; };
		00F809FF1E8126F7002FC6A0 /* NJBaseViewController.m */ = {isa = PBXFileReference; fileEncoding = 4; lastKnownFileType = sourcecode.c.objc; path = NJBaseViewController.m; sourceTree = "<group>"; };
		00F80A011E81271A002FC6A0 /* PrefixHeader.pch */ = {isa = PBXFileReference; lastKnownFileType = sourcecode.c.h; path = PrefixHeader.pch; sourceTree = "<group>"; };
		00F80A051E8127D0002FC6A0 /* NJUtilities.h */ = {isa = PBXFileReference; fileEncoding = 4; lastKnownFileType = sourcecode.c.h; path = NJUtilities.h; sourceTree = "<group>"; };
		00F80A061E8127D0002FC6A0 /* UIButton+NJButton.h */ = {isa = PBXFileReference; fileEncoding = 4; lastKnownFileType = sourcecode.c.h; path = "UIButton+NJButton.h"; sourceTree = "<group>"; };
		00F80A071E8127D0002FC6A0 /* UIButton+NJButton.m */ = {isa = PBXFileReference; fileEncoding = 4; lastKnownFileType = sourcecode.c.objc; path = "UIButton+NJButton.m"; sourceTree = "<group>"; };
		00F80A081E8127D0002FC6A0 /* UIView+NJView.h */ = {isa = PBXFileReference; fileEncoding = 4; lastKnownFileType = sourcecode.c.h; path = "UIView+NJView.h"; sourceTree = "<group>"; };
		00F80A091E8127D0002FC6A0 /* UIView+NJView.m */ = {isa = PBXFileReference; fileEncoding = 4; lastKnownFileType = sourcecode.c.objc; path = "UIView+NJView.m"; sourceTree = "<group>"; };
		00F80A0C1E8127E0002FC6A0 /* NJViewExHeader.h */ = {isa = PBXFileReference; lastKnownFileType = sourcecode.c.h; path = NJViewExHeader.h; sourceTree = "<group>"; };
		00F80A0F1E812B0E002FC6A0 /* MJRefreshAutoFooter.h */ = {isa = PBXFileReference; fileEncoding = 4; lastKnownFileType = sourcecode.c.h; path = MJRefreshAutoFooter.h; sourceTree = "<group>"; };
		00F80A101E812B0E002FC6A0 /* MJRefreshAutoFooter.m */ = {isa = PBXFileReference; fileEncoding = 4; lastKnownFileType = sourcecode.c.objc; path = MJRefreshAutoFooter.m; sourceTree = "<group>"; };
		00F80A111E812B0E002FC6A0 /* MJRefreshBackFooter.h */ = {isa = PBXFileReference; fileEncoding = 4; lastKnownFileType = sourcecode.c.h; path = MJRefreshBackFooter.h; sourceTree = "<group>"; };
		00F80A121E812B0E002FC6A0 /* MJRefreshBackFooter.m */ = {isa = PBXFileReference; fileEncoding = 4; lastKnownFileType = sourcecode.c.objc; path = MJRefreshBackFooter.m; sourceTree = "<group>"; };
		00F80A131E812B0E002FC6A0 /* MJRefreshComponent.h */ = {isa = PBXFileReference; fileEncoding = 4; lastKnownFileType = sourcecode.c.h; path = MJRefreshComponent.h; sourceTree = "<group>"; };
		00F80A141E812B0E002FC6A0 /* MJRefreshComponent.m */ = {isa = PBXFileReference; fileEncoding = 4; lastKnownFileType = sourcecode.c.objc; path = MJRefreshComponent.m; sourceTree = "<group>"; };
		00F80A151E812B0E002FC6A0 /* MJRefreshFooter.h */ = {isa = PBXFileReference; fileEncoding = 4; lastKnownFileType = sourcecode.c.h; path = MJRefreshFooter.h; sourceTree = "<group>"; };
		00F80A161E812B0E002FC6A0 /* MJRefreshFooter.m */ = {isa = PBXFileReference; fileEncoding = 4; lastKnownFileType = sourcecode.c.objc; path = MJRefreshFooter.m; sourceTree = "<group>"; };
		00F80A171E812B0E002FC6A0 /* MJRefreshHeader.h */ = {isa = PBXFileReference; fileEncoding = 4; lastKnownFileType = sourcecode.c.h; path = MJRefreshHeader.h; sourceTree = "<group>"; };
		00F80A181E812B0E002FC6A0 /* MJRefreshHeader.m */ = {isa = PBXFileReference; fileEncoding = 4; lastKnownFileType = sourcecode.c.objc; path = MJRefreshHeader.m; sourceTree = "<group>"; };
		00F80A1C1E812B0E002FC6A0 /* MJRefreshAutoGifFooter.h */ = {isa = PBXFileReference; fileEncoding = 4; lastKnownFileType = sourcecode.c.h; path = MJRefreshAutoGifFooter.h; sourceTree = "<group>"; };
		00F80A1D1E812B0E002FC6A0 /* MJRefreshAutoGifFooter.m */ = {isa = PBXFileReference; fileEncoding = 4; lastKnownFileType = sourcecode.c.objc; path = MJRefreshAutoGifFooter.m; sourceTree = "<group>"; };
		00F80A1E1E812B0E002FC6A0 /* MJRefreshAutoNormalFooter.h */ = {isa = PBXFileReference; fileEncoding = 4; lastKnownFileType = sourcecode.c.h; path = MJRefreshAutoNormalFooter.h; sourceTree = "<group>"; };
		00F80A1F1E812B0E002FC6A0 /* MJRefreshAutoNormalFooter.m */ = {isa = PBXFileReference; fileEncoding = 4; lastKnownFileType = sourcecode.c.objc; path = MJRefreshAutoNormalFooter.m; sourceTree = "<group>"; };
		00F80A201E812B0E002FC6A0 /* MJRefreshAutoStateFooter.h */ = {isa = PBXFileReference; fileEncoding = 4; lastKnownFileType = sourcecode.c.h; path = MJRefreshAutoStateFooter.h; sourceTree = "<group>"; };
		00F80A211E812B0E002FC6A0 /* MJRefreshAutoStateFooter.m */ = {isa = PBXFileReference; fileEncoding = 4; lastKnownFileType = sourcecode.c.objc; path = MJRefreshAutoStateFooter.m; sourceTree = "<group>"; };
		00F80A231E812B0E002FC6A0 /* MJRefreshBackGifFooter.h */ = {isa = PBXFileReference; fileEncoding = 4; lastKnownFileType = sourcecode.c.h; path = MJRefreshBackGifFooter.h; sourceTree = "<group>"; };
		00F80A241E812B0E002FC6A0 /* MJRefreshBackGifFooter.m */ = {isa = PBXFileReference; fileEncoding = 4; lastKnownFileType = sourcecode.c.objc; path = MJRefreshBackGifFooter.m; sourceTree = "<group>"; };
		00F80A251E812B0E002FC6A0 /* MJRefreshBackNormalFooter.h */ = {isa = PBXFileReference; fileEncoding = 4; lastKnownFileType = sourcecode.c.h; path = MJRefreshBackNormalFooter.h; sourceTree = "<group>"; };
		00F80A261E812B0E002FC6A0 /* MJRefreshBackNormalFooter.m */ = {isa = PBXFileReference; fileEncoding = 4; lastKnownFileType = sourcecode.c.objc; path = MJRefreshBackNormalFooter.m; sourceTree = "<group>"; };
		00F80A271E812B0E002FC6A0 /* MJRefreshBackStateFooter.h */ = {isa = PBXFileReference; fileEncoding = 4; lastKnownFileType = sourcecode.c.h; path = MJRefreshBackStateFooter.h; sourceTree = "<group>"; };
		00F80A281E812B0E002FC6A0 /* MJRefreshBackStateFooter.m */ = {isa = PBXFileReference; fileEncoding = 4; lastKnownFileType = sourcecode.c.objc; path = MJRefreshBackStateFooter.m; sourceTree = "<group>"; };
		00F80A2A1E812B0E002FC6A0 /* MJRefreshGifHeader.h */ = {isa = PBXFileReference; fileEncoding = 4; lastKnownFileType = sourcecode.c.h; path = MJRefreshGifHeader.h; sourceTree = "<group>"; };
		00F80A2B1E812B0E002FC6A0 /* MJRefreshGifHeader.m */ = {isa = PBXFileReference; fileEncoding = 4; lastKnownFileType = sourcecode.c.objc; path = MJRefreshGifHeader.m; sourceTree = "<group>"; };
		00F80A2C1E812B0E002FC6A0 /* MJRefreshNormalHeader.h */ = {isa = PBXFileReference; fileEncoding = 4; lastKnownFileType = sourcecode.c.h; path = MJRefreshNormalHeader.h; sourceTree = "<group>"; };
		00F80A2D1E812B0E002FC6A0 /* MJRefreshNormalHeader.m */ = {isa = PBXFileReference; fileEncoding = 4; lastKnownFileType = sourcecode.c.objc; path = MJRefreshNormalHeader.m; sourceTree = "<group>"; };
		00F80A2E1E812B0E002FC6A0 /* MJRefreshStateHeader.h */ = {isa = PBXFileReference; fileEncoding = 4; lastKnownFileType = sourcecode.c.h; path = MJRefreshStateHeader.h; sourceTree = "<group>"; };
		00F80A2F1E812B0E002FC6A0 /* MJRefreshStateHeader.m */ = {isa = PBXFileReference; fileEncoding = 4; lastKnownFileType = sourcecode.c.objc; path = MJRefreshStateHeader.m; sourceTree = "<group>"; };
		00F80A301E812B0E002FC6A0 /* MJRefresh.bundle */ = {isa = PBXFileReference; lastKnownFileType = "wrapper.plug-in"; path = MJRefresh.bundle; sourceTree = "<group>"; };
		00F80A311E812B0E002FC6A0 /* MJRefresh.h */ = {isa = PBXFileReference; fileEncoding = 4; lastKnownFileType = sourcecode.c.h; path = MJRefresh.h; sourceTree = "<group>"; };
		00F80A321E812B0E002FC6A0 /* MJRefreshConst.h */ = {isa = PBXFileReference; fileEncoding = 4; lastKnownFileType = sourcecode.c.h; path = MJRefreshConst.h; sourceTree = "<group>"; };
		00F80A331E812B0E002FC6A0 /* MJRefreshConst.m */ = {isa = PBXFileReference; fileEncoding = 4; lastKnownFileType = sourcecode.c.objc; path = MJRefreshConst.m; sourceTree = "<group>"; };
		00F80A341E812B0E002FC6A0 /* NSBundle+MJRefresh.h */ = {isa = PBXFileReference; fileEncoding = 4; lastKnownFileType = sourcecode.c.h; path = "NSBundle+MJRefresh.h"; sourceTree = "<group>"; };
		00F80A351E812B0E002FC6A0 /* NSBundle+MJRefresh.m */ = {isa = PBXFileReference; fileEncoding = 4; lastKnownFileType = sourcecode.c.objc; path = "NSBundle+MJRefresh.m"; sourceTree = "<group>"; };
		00F80A361E812B0E002FC6A0 /* UIScrollView+MJExtension.h */ = {isa = PBXFileReference; fileEncoding = 4; lastKnownFileType = sourcecode.c.h; path = "UIScrollView+MJExtension.h"; sourceTree = "<group>"; };
		00F80A371E812B0E002FC6A0 /* UIScrollView+MJExtension.m */ = {isa = PBXFileReference; fileEncoding = 4; lastKnownFileType = sourcecode.c.objc; path = "UIScrollView+MJExtension.m"; sourceTree = "<group>"; };
		00F80A381E812B0E002FC6A0 /* UIScrollView+MJRefresh.h */ = {isa = PBXFileReference; fileEncoding = 4; lastKnownFileType = sourcecode.c.h; path = "UIScrollView+MJRefresh.h"; sourceTree = "<group>"; };
		00F80A391E812B0E002FC6A0 /* UIScrollView+MJRefresh.m */ = {isa = PBXFileReference; fileEncoding = 4; lastKnownFileType = sourcecode.c.objc; path = "UIScrollView+MJRefresh.m"; sourceTree = "<group>"; };
		00F80A3A1E812B0E002FC6A0 /* UIView+MJExtension.h */ = {isa = PBXFileReference; fileEncoding = 4; lastKnownFileType = sourcecode.c.h; path = "UIView+MJExtension.h"; sourceTree = "<group>"; };
		00F80A3B1E812B0E002FC6A0 /* UIView+MJExtension.m */ = {isa = PBXFileReference; fileEncoding = 4; lastKnownFileType = sourcecode.c.objc; path = "UIView+MJExtension.m"; sourceTree = "<group>"; };
		1F12C51A1F6A500E003C6565 /* NJPortraitCameraViewController.h */ = {isa = PBXFileReference; fileEncoding = 4; lastKnownFileType = sourcecode.c.h; path = NJPortraitCameraViewController.h; sourceTree = "<group>"; };
		1F12C51B1F6A500E003C6565 /* NJPortraitCameraViewController.m */ = {isa = PBXFileReference; fileEncoding = 4; lastKnownFileType = sourcecode.c.objc; path = NJPortraitCameraViewController.m; sourceTree = "<group>"; };
		1F12C51D1F6A501E003C6565 /* NJPortraitCameraViewController.storyboard */ = {isa = PBXFileReference; fileEncoding = 4; lastKnownFileType = file.storyboard; path = NJPortraitCameraViewController.storyboard; sourceTree = "<group>"; };
		1F12C51F1F6A503D003C6565 /* NJCustomPortaitCameraViewController.h */ = {isa = PBXFileReference; fileEncoding = 4; lastKnownFileType = sourcecode.c.h; path = NJCustomPortaitCameraViewController.h; sourceTree = "<group>"; };
		1F12C5201F6A503D003C6565 /* NJCustomPortaitCameraViewController.m */ = {isa = PBXFileReference; fileEncoding = 4; lastKnownFileType = sourcecode.c.objc; path = NJCustomPortaitCameraViewController.m; sourceTree = "<group>"; };
		1F2275F01F7C994100ACE1BF /* NJFindContoursViewController.h */ = {isa = PBXFileReference; lastKnownFileType = sourcecode.c.h; path = NJFindContoursViewController.h; sourceTree = "<group>"; };
		1F2275F11F7C994100ACE1BF /* NJFindContoursViewController.m */ = {isa = PBXFileReference; lastKnownFileType = sourcecode.c.objc; path = NJFindContoursViewController.m; sourceTree = "<group>"; };
		1F2275F31F7C99F700ACE1BF /* NJOpenCVBaseViewController.h */ = {isa = PBXFileReference; lastKnownFileType = sourcecode.c.h; path = NJOpenCVBaseViewController.h; sourceTree = "<group>"; };
		1F2275F41F7C99F700ACE1BF /* NJOpenCVBaseViewController.m */ = {isa = PBXFileReference; lastKnownFileType = sourcecode.c.objc; path = NJOpenCVBaseViewController.m; sourceTree = "<group>"; };
		1F25C7311F8EF53000D2F9D8 /* NJTemplateMatchingViewController.h */ = {isa = PBXFileReference; lastKnownFileType = sourcecode.c.h; path = NJTemplateMatchingViewController.h; sourceTree = "<group>"; };
		1F25C7321F8EF53000D2F9D8 /* NJTemplateMatchingViewController.mm */ = {isa = PBXFileReference; lastKnownFileType = sourcecode.cpp.objcpp; path = NJTemplateMatchingViewController.mm; sourceTree = "<group>"; };
		1F25C7361F8EFD6500D2F9D8 /* template_target.png */ = {isa = PBXFileReference; lastKnownFileType = image.png; path = template_target.png; sourceTree = "<group>"; };
		1F25C7371F8EFD6500D2F9D8 /* template_src.png */ = {isa = PBXFileReference; lastKnownFileType = image.png; path = template_src.png; sourceTree = "<group>"; };
		1F25C73A1F8F07BA00D2F9D8 /* target.png */ = {isa = PBXFileReference; lastKnownFileType = image.png; path = target.png; sourceTree = "<group>"; };
		1F25C73E1F8F08EE00D2F9D8 /* src.png */ = {isa = PBXFileReference; lastKnownFileType = image.png; path = src.png; sourceTree = "<group>"; };
		1F25C7401F8F096C00D2F9D8 /* src1.png */ = {isa = PBXFileReference; lastKnownFileType = image.png; path = src1.png; sourceTree = "<group>"; };
		1F25C7421F8F0B1B00D2F9D8 /* src2.png */ = {isa = PBXFileReference; lastKnownFileType = image.png; path = src2.png; sourceTree = "<group>"; };
		1F25C7431F8F0B1B00D2F9D8 /* src3.png */ = {isa = PBXFileReference; lastKnownFileType = image.png; path = src3.png; sourceTree = "<group>"; };
		1F25C7441F8F0B1B00D2F9D8 /* src4.png */ = {isa = PBXFileReference; lastKnownFileType = image.png; path = src4.png; sourceTree = "<group>"; };
		1F25C7491F8F3FB100D2F9D8 /* UIImage+NJOrientation.h */ = {isa = PBXFileReference; lastKnownFileType = sourcecode.c.h; path = "UIImage+NJOrientation.h"; sourceTree = "<group>"; };
		1F25C74A1F8F3FB100D2F9D8 /* UIImage+NJOrientation.m */ = {isa = PBXFileReference; lastKnownFileType = sourcecode.c.objc; path = "UIImage+NJOrientation.m"; sourceTree = "<group>"; };
		1F25C74C1F8F4BE000D2F9D8 /* name.png */ = {isa = PBXFileReference; lastKnownFileType = image.png; path = name.png; sourceTree = "<group>"; };
		1F25C74D1F8F4BE100D2F9D8 /* gender.png */ = {isa = PBXFileReference; lastKnownFileType = image.png; path = gender.png; sourceTree = "<group>"; };
		1F25C7501F8F53FC00D2F9D8 /* src5.png */ = {isa = PBXFileReference; lastKnownFileType = image.png; path = src5.png; sourceTree = "<group>"; };
		1F25C7521F8F54FA00D2F9D8 /* src6.png */ = {isa = PBXFileReference; lastKnownFileType = image.png; path = src6.png; sourceTree = "<group>"; };
		1F25C7541F8F6DAF00D2F9D8 /* back1.png */ = {isa = PBXFileReference; lastKnownFileType = image.png; path = back1.png; sourceTree = "<group>"; };
		1F25C7561F8F6DBE00D2F9D8 /* emblem.png */ = {isa = PBXFileReference; lastKnownFileType = image.png; path = emblem.png; sourceTree = "<group>"; };
		1F2A788C1F676B9100728902 /* NJQRCodeScanShadowLayer.h */ = {isa = PBXFileReference; fileEncoding = 4; lastKnownFileType = sourcecode.c.h; path = NJQRCodeScanShadowLayer.h; sourceTree = "<group>"; };
		1F2A788D1F676B9100728902 /* NJQRCodeScanShadowLayer.m */ = {isa = PBXFileReference; fileEncoding = 4; lastKnownFileType = sourcecode.c.objc; path = NJQRCodeScanShadowLayer.m; sourceTree = "<group>"; };
		1F2F95CB1F37FCBE00BAD1E1 /* NJUtility.h */ = {isa = PBXFileReference; fileEncoding = 4; lastKnownFileType = sourcecode.c.h; path = NJUtility.h; sourceTree = "<group>"; };
		1F2F95CC1F37FCBE00BAD1E1 /* NJUtility.m */ = {isa = PBXFileReference; fileEncoding = 4; lastKnownFileType = sourcecode.c.objc; path = NJUtility.m; sourceTree = "<group>"; };
		1F2F95CF1F3802BE00BAD1E1 /* NJUtilityTestViewController.h */ = {isa = PBXFileReference; fileEncoding = 4; lastKnownFileType = sourcecode.c.h; path = NJUtilityTestViewController.h; sourceTree = "<group>"; };
		1F2F95D01F3802BE00BAD1E1 /* NJUtilityTestViewController.m */ = {isa = PBXFileReference; fileEncoding = 4; lastKnownFileType = sourcecode.c.objc; path = NJUtilityTestViewController.m; sourceTree = "<group>"; };
		1F37327D1F0E631D00D01F53 /* NJMessageForwardController.h */ = {isa = PBXFileReference; fileEncoding = 4; lastKnownFileType = sourcecode.c.h; path = NJMessageForwardController.h; sourceTree = "<group>"; };
		1F37327E1F0E631D00D01F53 /* NJMessageForwardController.m */ = {isa = PBXFileReference; fileEncoding = 4; lastKnownFileType = sourcecode.c.objc; path = NJMessageForwardController.m; sourceTree = "<group>"; };
		1F3DE3D51F698DCD0079216C /* NJCameraViewController.h */ = {isa = PBXFileReference; fileEncoding = 4; lastKnownFileType = sourcecode.c.h; path = NJCameraViewController.h; sourceTree = "<group>"; };
		1F3DE3D61F698DCD0079216C /* NJCameraViewController.m */ = {isa = PBXFileReference; fileEncoding = 4; lastKnownFileType = sourcecode.c.objc; path = NJCameraViewController.m; sourceTree = "<group>"; };
		1F3DE3D81F698E030079216C /* NJCustomCameraViewController.h */ = {isa = PBXFileReference; fileEncoding = 4; lastKnownFileType = sourcecode.c.h; path = NJCustomCameraViewController.h; sourceTree = "<group>"; };
		1F3DE3D91F698E030079216C /* NJCustomCameraViewController.m */ = {isa = PBXFileReference; fileEncoding = 4; lastKnownFileType = sourcecode.c.objc; path = NJCustomCameraViewController.m; sourceTree = "<group>"; };
		1F3DE3DB1F6990D30079216C /* NJCameraViewController.storyboard */ = {isa = PBXFileReference; fileEncoding = 4; lastKnownFileType = file.storyboard; path = NJCameraViewController.storyboard; sourceTree = "<group>"; };
		1F4E64341F7BF5B6007D01EC /* opencv2.framework */ = {isa = PBXFileReference; lastKnownFileType = wrapper.framework; path = opencv2.framework; sourceTree = "<group>"; };
		1F4E64361F7BF5BB007D01EC /* libjpeg.a */ = {isa = PBXFileReference; lastKnownFileType = archive.ar; path = libjpeg.a; sourceTree = "<group>"; };
		1F4E64391F7BF5F3007D01EC /* NJHIstogramViewController.h */ = {isa = PBXFileReference; fileEncoding = 4; lastKnownFileType = sourcecode.c.h; path = NJHIstogramViewController.h; sourceTree = "<group>"; };
		1F4E643A1F7BF5F3007D01EC /* NJHIstogramViewController.m */ = {isa = PBXFileReference; fileEncoding = 4; lastKnownFileType = sourcecode.c.objc; path = NJHIstogramViewController.m; sourceTree = "<group>"; };
		1F4E643D1F7BF710007D01EC /* NJOpenCVUtils.h */ = {isa = PBXFileReference; fileEncoding = 4; lastKnownFileType = sourcecode.c.h; path = NJOpenCVUtils.h; sourceTree = "<group>"; };
		1F4E643E1F7BF710007D01EC /* NJOpenCVUtils.mm */ = {isa = PBXFileReference; fileEncoding = 4; lastKnownFileType = sourcecode.cpp.objcpp; path = NJOpenCVUtils.mm; sourceTree = "<group>"; };
		1F4E64411F7BF9A4007D01EC /* CoreGraphics.framework */ = {isa = PBXFileReference; lastKnownFileType = wrapper.framework; name = CoreGraphics.framework; path = System/Library/Frameworks/CoreGraphics.framework; sourceTree = SDKROOT; };
		1F4E64431F7BF9A9007D01EC /* CoreImage.framework */ = {isa = PBXFileReference; lastKnownFileType = wrapper.framework; name = CoreImage.framework; path = System/Library/Frameworks/CoreImage.framework; sourceTree = SDKROOT; };
		1F4E64451F7BF9B0007D01EC /* CoreVideo.framework */ = {isa = PBXFileReference; lastKnownFileType = wrapper.framework; name = CoreVideo.framework; path = System/Library/Frameworks/CoreVideo.framework; sourceTree = SDKROOT; };
		1F4E64471F7BF9B8007D01EC /* QuartzCore.framework */ = {isa = PBXFileReference; lastKnownFileType = wrapper.framework; name = QuartzCore.framework; path = System/Library/Frameworks/QuartzCore.framework; sourceTree = SDKROOT; };
		1F4E64491F7BF9BD007D01EC /* Foundation.framework */ = {isa = PBXFileReference; lastKnownFileType = wrapper.framework; name = Foundation.framework; path = System/Library/Frameworks/Foundation.framework; sourceTree = SDKROOT; };
		1F4E644B1F7BF9C3007D01EC /* Accelerate.framework */ = {isa = PBXFileReference; lastKnownFileType = wrapper.framework; name = Accelerate.framework; path = System/Library/Frameworks/Accelerate.framework; sourceTree = SDKROOT; };
		1F4E644D1F7BF9C8007D01EC /* UIKit.framework */ = {isa = PBXFileReference; lastKnownFileType = wrapper.framework; name = UIKit.framework; path = System/Library/Frameworks/UIKit.framework; sourceTree = SDKROOT; };
		1F4E644F1F7BF9CE007D01EC /* libc++.tbd */ = {isa = PBXFileReference; lastKnownFileType = "sourcecode.text-based-dylib-definition"; name = "libc++.tbd"; path = "usr/lib/libc++.tbd"; sourceTree = SDKROOT; };
		1F4E64511F7BF9D6007D01EC /* CoreMedia.framework */ = {isa = PBXFileReference; lastKnownFileType = wrapper.framework; name = CoreMedia.framework; path = System/Library/Frameworks/CoreMedia.framework; sourceTree = SDKROOT; };
		1F4E64531F7BF9DE007D01EC /* AssetsLibrary.framework */ = {isa = PBXFileReference; lastKnownFileType = wrapper.framework; name = AssetsLibrary.framework; path = System/Library/Frameworks/AssetsLibrary.framework; sourceTree = SDKROOT; };
		1F4E64551F7BF9E3007D01EC /* AVFoundation.framework */ = {isa = PBXFileReference; lastKnownFileType = wrapper.framework; name = AVFoundation.framework; path = System/Library/Frameworks/AVFoundation.framework; sourceTree = SDKROOT; };
		1F82EC971F94AB1D00145FF5 /* NJHoughLineViewController.h */ = {isa = PBXFileReference; lastKnownFileType = sourcecode.c.h; path = NJHoughLineViewController.h; sourceTree = "<group>"; };
		1F82EC981F94AB1D00145FF5 /* NJHoughLineViewController.m */ = {isa = PBXFileReference; lastKnownFileType = sourcecode.c.objc; path = NJHoughLineViewController.m; sourceTree = "<group>"; };
		1F82EC9A1F94ABB000145FF5 /* NJNavigatorHeader.h */ = {isa = PBXFileReference; lastKnownFileType = sourcecode.c.h; path = NJNavigatorHeader.h; sourceTree = "<group>"; };
		1F82ED691F98523C00145FF5 /* IQNSArray+Sort.h */ = {isa = PBXFileReference; lastKnownFileType = sourcecode.c.h; path = "IQNSArray+Sort.h"; sourceTree = "<group>"; };
		1F82ED6A1F98523C00145FF5 /* IQNSArray+Sort.m */ = {isa = PBXFileReference; lastKnownFileType = sourcecode.c.objc; path = "IQNSArray+Sort.m"; sourceTree = "<group>"; };
		1F82ED6B1F98523C00145FF5 /* IQUIScrollView+Additions.h */ = {isa = PBXFileReference; lastKnownFileType = sourcecode.c.h; path = "IQUIScrollView+Additions.h"; sourceTree = "<group>"; };
		1F82ED6C1F98523C00145FF5 /* IQUIScrollView+Additions.m */ = {isa = PBXFileReference; lastKnownFileType = sourcecode.c.objc; path = "IQUIScrollView+Additions.m"; sourceTree = "<group>"; };
		1F82ED6D1F98523C00145FF5 /* IQUITextFieldView+Additions.h */ = {isa = PBXFileReference; lastKnownFileType = sourcecode.c.h; path = "IQUITextFieldView+Additions.h"; sourceTree = "<group>"; };
		1F82ED6E1F98523C00145FF5 /* IQUITextFieldView+Additions.m */ = {isa = PBXFileReference; lastKnownFileType = sourcecode.c.objc; path = "IQUITextFieldView+Additions.m"; sourceTree = "<group>"; };
		1F82ED6F1F98523C00145FF5 /* IQUIView+Hierarchy.h */ = {isa = PBXFileReference; lastKnownFileType = sourcecode.c.h; path = "IQUIView+Hierarchy.h"; sourceTree = "<group>"; };
		1F82ED701F98523C00145FF5 /* IQUIView+Hierarchy.m */ = {isa = PBXFileReference; lastKnownFileType = sourcecode.c.objc; path = "IQUIView+Hierarchy.m"; sourceTree = "<group>"; };
		1F82ED711F98523C00145FF5 /* IQUIViewController+Additions.h */ = {isa = PBXFileReference; lastKnownFileType = sourcecode.c.h; path = "IQUIViewController+Additions.h"; sourceTree = "<group>"; };
		1F82ED721F98523C00145FF5 /* IQUIViewController+Additions.m */ = {isa = PBXFileReference; lastKnownFileType = sourcecode.c.objc; path = "IQUIViewController+Additions.m"; sourceTree = "<group>"; };
		1F82ED731F98523C00145FF5 /* IQUIWindow+Hierarchy.h */ = {isa = PBXFileReference; lastKnownFileType = sourcecode.c.h; path = "IQUIWindow+Hierarchy.h"; sourceTree = "<group>"; };
		1F82ED741F98523C00145FF5 /* IQUIWindow+Hierarchy.m */ = {isa = PBXFileReference; lastKnownFileType = sourcecode.c.objc; path = "IQUIWindow+Hierarchy.m"; sourceTree = "<group>"; };
		1F82ED761F98523C00145FF5 /* IQKeyboardManagerConstants.h */ = {isa = PBXFileReference; lastKnownFileType = sourcecode.c.h; path = IQKeyboardManagerConstants.h; sourceTree = "<group>"; };
		1F82ED771F98523C00145FF5 /* IQKeyboardManagerConstantsInternal.h */ = {isa = PBXFileReference; lastKnownFileType = sourcecode.c.h; path = IQKeyboardManagerConstantsInternal.h; sourceTree = "<group>"; };
		1F82ED781F98523C00145FF5 /* IQKeyboardManager.h */ = {isa = PBXFileReference; lastKnownFileType = sourcecode.c.h; path = IQKeyboardManager.h; sourceTree = "<group>"; };
		1F82ED791F98523C00145FF5 /* IQKeyboardManager.m */ = {isa = PBXFileReference; lastKnownFileType = sourcecode.c.objc; path = IQKeyboardManager.m; sourceTree = "<group>"; };
		1F82ED7A1F98523C00145FF5 /* IQKeyboardReturnKeyHandler.h */ = {isa = PBXFileReference; lastKnownFileType = sourcecode.c.h; path = IQKeyboardReturnKeyHandler.h; sourceTree = "<group>"; };
		1F82ED7B1F98523C00145FF5 /* IQKeyboardReturnKeyHandler.m */ = {isa = PBXFileReference; lastKnownFileType = sourcecode.c.objc; path = IQKeyboardReturnKeyHandler.m; sourceTree = "<group>"; };
		1F82ED7D1F98523C00145FF5 /* IQTextView.h */ = {isa = PBXFileReference; lastKnownFileType = sourcecode.c.h; path = IQTextView.h; sourceTree = "<group>"; };
		1F82ED7E1F98523C00145FF5 /* IQTextView.m */ = {isa = PBXFileReference; lastKnownFileType = sourcecode.c.objc; path = IQTextView.m; sourceTree = "<group>"; };
		1F82ED801F98523C00145FF5 /* IQBarButtonItem.h */ = {isa = PBXFileReference; lastKnownFileType = sourcecode.c.h; path = IQBarButtonItem.h; sourceTree = "<group>"; };
		1F82ED811F98523C00145FF5 /* IQBarButtonItem.m */ = {isa = PBXFileReference; lastKnownFileType = sourcecode.c.objc; path = IQBarButtonItem.m; sourceTree = "<group>"; };
		1F82ED821F98523C00145FF5 /* IQPreviousNextView.h */ = {isa = PBXFileReference; lastKnownFileType = sourcecode.c.h; path = IQPreviousNextView.h; sourceTree = "<group>"; };
		1F82ED831F98523C00145FF5 /* IQPreviousNextView.m */ = {isa = PBXFileReference; lastKnownFileType = sourcecode.c.objc; path = IQPreviousNextView.m; sourceTree = "<group>"; };
		1F82ED841F98523C00145FF5 /* IQTitleBarButtonItem.h */ = {isa = PBXFileReference; lastKnownFileType = sourcecode.c.h; path = IQTitleBarButtonItem.h; sourceTree = "<group>"; };
		1F82ED851F98523C00145FF5 /* IQTitleBarButtonItem.m */ = {isa = PBXFileReference; lastKnownFileType = sourcecode.c.objc; path = IQTitleBarButtonItem.m; sourceTree = "<group>"; };
		1F82ED861F98523C00145FF5 /* IQToolbar.h */ = {isa = PBXFileReference; lastKnownFileType = sourcecode.c.h; path = IQToolbar.h; sourceTree = "<group>"; };
		1F82ED871F98523C00145FF5 /* IQToolbar.m */ = {isa = PBXFileReference; lastKnownFileType = sourcecode.c.objc; path = IQToolbar.m; sourceTree = "<group>"; };
		1F82ED881F98523C00145FF5 /* IQUIView+IQKeyboardToolbar.h */ = {isa = PBXFileReference; lastKnownFileType = sourcecode.c.h; path = "IQUIView+IQKeyboardToolbar.h"; sourceTree = "<group>"; };
		1F82ED891F98523C00145FF5 /* IQUIView+IQKeyboardToolbar.m */ = {isa = PBXFileReference; lastKnownFileType = sourcecode.c.objc; path = "IQUIView+IQKeyboardToolbar.m"; sourceTree = "<group>"; };
		1F82ED8B1F98523C00145FF5 /* IQKeyboardManager.bundle */ = {isa = PBXFileReference; lastKnownFileType = "wrapper.plug-in"; path = IQKeyboardManager.bundle; sourceTree = "<group>"; };
		1F82ED8D1F98526F00145FF5 /* NJIQKeyboardViewController.h */ = {isa = PBXFileReference; lastKnownFileType = sourcecode.c.h; path = NJIQKeyboardViewController.h; sourceTree = "<group>"; };
		1F82ED8E1F98526F00145FF5 /* NJIQKeyboardViewController.m */ = {isa = PBXFileReference; lastKnownFileType = sourcecode.c.objc; path = NJIQKeyboardViewController.m; sourceTree = "<group>"; };
		1FACB5171F0FD0D9008A3DFC /* NJCell.h */ = {isa = PBXFileReference; fileEncoding = 4; lastKnownFileType = sourcecode.c.h; path = NJCell.h; sourceTree = "<group>"; };
		1FACB5181F0FD0D9008A3DFC /* NJCell.m */ = {isa = PBXFileReference; fileEncoding = 4; lastKnownFileType = sourcecode.c.objc; path = NJCell.m; sourceTree = "<group>"; };
		1FACB51B1F10C544008A3DFC /* NJCameraController.h */ = {isa = PBXFileReference; fileEncoding = 4; lastKnownFileType = sourcecode.c.h; path = NJCameraController.h; sourceTree = "<group>"; };
		1FACB51C1F10C544008A3DFC /* NJCameraController.m */ = {isa = PBXFileReference; fileEncoding = 4; lastKnownFileType = sourcecode.c.objc; path = NJCameraController.m; sourceTree = "<group>"; };
/* End PBXFileReference section */

/* Begin PBXFrameworksBuildPhase section */
		00F809DA1E81246F002FC6A0 /* Frameworks */ = {
			isa = PBXFrameworksBuildPhase;
			buildActionMask = 2147483647;
			files = (
				1F4E64561F7BF9E3007D01EC /* AVFoundation.framework in Frameworks */,
				1F4E64541F7BF9DE007D01EC /* AssetsLibrary.framework in Frameworks */,
				1F4E64521F7BF9D6007D01EC /* CoreMedia.framework in Frameworks */,
				1F4E64501F7BF9CE007D01EC /* libc++.tbd in Frameworks */,
				1F4E644E1F7BF9C8007D01EC /* UIKit.framework in Frameworks */,
				1F4E644C1F7BF9C3007D01EC /* Accelerate.framework in Frameworks */,
				1F4E644A1F7BF9BD007D01EC /* Foundation.framework in Frameworks */,
				1F4E64481F7BF9B8007D01EC /* QuartzCore.framework in Frameworks */,
				1F4E64461F7BF9B0007D01EC /* CoreVideo.framework in Frameworks */,
				1F4E64441F7BF9A9007D01EC /* CoreImage.framework in Frameworks */,
				1F4E64421F7BF9A4007D01EC /* CoreGraphics.framework in Frameworks */,
				1F4E64351F7BF5B6007D01EC /* opencv2.framework in Frameworks */,
				1F4E64371F7BF5BB007D01EC /* libjpeg.a in Frameworks */,
			);
			runOnlyForDeploymentPostprocessing = 0;
		};
/* End PBXFrameworksBuildPhase section */

/* Begin PBXGroup section */
		003BBC821EF79CC800EE2869 /* NJPhotos */ = {
			isa = PBXGroup;
			children = (
				003BBC881EF79D1400EE2869 /* NJPhotosController.h */,
				003BBC891EF79D1400EE2869 /* NJPhotosController.m */,
				003BBC8D1EF7A01900EE2869 /* NJPhotosController.storyboard */,
			);
			path = NJPhotos;
			sourceTree = "<group>";
		};
		00CBBF9A1EF9EFDB00D9AEDB /* SDWebImage */ = {
			isa = PBXGroup;
			children = (
				00CBBF9B1EF9EFDB00D9AEDB /* NSData+ImageContentType.h */,
				00CBBF9C1EF9EFDB00D9AEDB /* NSData+ImageContentType.m */,
				00CBBF9D1EF9EFDB00D9AEDB /* NSImage+WebCache.h */,
				00CBBF9E1EF9EFDB00D9AEDB /* NSImage+WebCache.m */,
				00CBBF9F1EF9EFDB00D9AEDB /* SDImageCache.h */,
				00CBBFA01EF9EFDB00D9AEDB /* SDImageCache.m */,
				00CBBFA11EF9EFDB00D9AEDB /* SDImageCacheConfig.h */,
				00CBBFA21EF9EFDB00D9AEDB /* SDImageCacheConfig.m */,
				00CBBFA31EF9EFDB00D9AEDB /* SDWebImageCompat.h */,
				00CBBFA41EF9EFDB00D9AEDB /* SDWebImageCompat.m */,
				00CBBFA51EF9EFDB00D9AEDB /* SDWebImageDecoder.h */,
				00CBBFA61EF9EFDB00D9AEDB /* SDWebImageDecoder.m */,
				00CBBFA71EF9EFDB00D9AEDB /* SDWebImageDownloader.h */,
				00CBBFA81EF9EFDB00D9AEDB /* SDWebImageDownloader.m */,
				00CBBFA91EF9EFDB00D9AEDB /* SDWebImageDownloaderOperation.h */,
				00CBBFAA1EF9EFDB00D9AEDB /* SDWebImageDownloaderOperation.m */,
				00CBBFAB1EF9EFDB00D9AEDB /* SDWebImageManager.h */,
				00CBBFAC1EF9EFDB00D9AEDB /* SDWebImageManager.m */,
				00CBBFAD1EF9EFDB00D9AEDB /* SDWebImageOperation.h */,
				00CBBFAE1EF9EFDB00D9AEDB /* SDWebImagePrefetcher.h */,
				00CBBFAF1EF9EFDB00D9AEDB /* SDWebImagePrefetcher.m */,
				00CBBFB01EF9EFDB00D9AEDB /* UIButton+WebCache.h */,
				00CBBFB11EF9EFDB00D9AEDB /* UIButton+WebCache.m */,
				00CBBFB21EF9EFDB00D9AEDB /* UIImage+GIF.h */,
				00CBBFB31EF9EFDB00D9AEDB /* UIImage+GIF.m */,
				00CBBFB41EF9EFDB00D9AEDB /* UIImage+MultiFormat.h */,
				00CBBFB51EF9EFDB00D9AEDB /* UIImage+MultiFormat.m */,
				00CBBFB61EF9EFDB00D9AEDB /* UIImageView+HighlightedWebCache.h */,
				00CBBFB71EF9EFDB00D9AEDB /* UIImageView+HighlightedWebCache.m */,
				00CBBFB81EF9EFDB00D9AEDB /* UIImageView+WebCache.h */,
				00CBBFB91EF9EFDB00D9AEDB /* UIImageView+WebCache.m */,
				00CBBFBA1EF9EFDB00D9AEDB /* UIView+WebCache.h */,
				00CBBFBB1EF9EFDB00D9AEDB /* UIView+WebCache.m */,
				00CBBFBC1EF9EFDB00D9AEDB /* UIView+WebCacheOperation.h */,
				00CBBFBD1EF9EFDB00D9AEDB /* UIView+WebCacheOperation.m */,
			);
			path = SDWebImage;
			sourceTree = "<group>";
		};
		00CBBFCF1EF9EFF100D9AEDB /* QRCodeScan */ = {
			isa = PBXGroup;
			children = (
				00CBBFD01EF9EFF100D9AEDB /* NJProject-Bridging-Header.h */,
				00CBBFD11EF9EFF100D9AEDB /* NJQRCodeScanController.swift */,
				00CBBFD21EF9EFF100D9AEDB /* NJQRCodeScanOC.h */,
				00CBBFD31EF9EFF100D9AEDB /* NJQRCodeScanOC.m */,
				00CBBFD41EF9EFF100D9AEDB /* QRCodeScanViewController.h */,
				00CBBFD51EF9EFF100D9AEDB /* QRCodeScanViewController.m */,
				00CBBFD61EF9EFF100D9AEDB /* QRCodeScanViewController.storyboard */,
				1F2A788C1F676B9100728902 /* NJQRCodeScanShadowLayer.h */,
				1F2A788D1F676B9100728902 /* NJQRCodeScanShadowLayer.m */,
			);
			path = QRCodeScan;
			sourceTree = "<group>";
		};
		00CBBFDB1EF9F30B00D9AEDB /* SDWebImageTest */ = {
			isa = PBXGroup;
			children = (
				00CBBFDC1EF9F33400D9AEDB /* NJSDWebImageTest.h */,
				00CBBFDD1EF9F33400D9AEDB /* NJSDWebImageTest.m */,
				00CBBFDF1EF9F33C00D9AEDB /* NJSDWebImageTest.storyboard */,
			);
			path = SDWebImageTest;
			sourceTree = "<group>";
		};
		00F809D41E81246F002FC6A0 = {
			isa = PBXGroup;
			children = (
				00F809DF1E81246F002FC6A0 /* NJProject */,
				00F809DE1E81246F002FC6A0 /* Products */,
				1F4E64401F7BF9A4007D01EC /* Frameworks */,
			);
			sourceTree = "<group>";
		};
		00F809DE1E81246F002FC6A0 /* Products */ = {
			isa = PBXGroup;
			children = (
				00F809DD1E81246F002FC6A0 /* NJProject.app */,
			);
			name = Products;
			sourceTree = "<group>";
		};
		00F809DF1E81246F002FC6A0 /* NJProject */ = {
			isa = PBXGroup;
			children = (
				00F80A021E81275D002FC6A0 /* Tools */,
				00F809FD1E8126C2002FC6A0 /* Main */,
				00F809F81E8124D8002FC6A0 /* FunctionGroup */,
				00F809E31E81246F002FC6A0 /* AppDelegate.h */,
				00F809E41E81246F002FC6A0 /* AppDelegate.m */,
				00F809E61E81246F002FC6A0 /* ViewController.h */,
				00F809E71E81246F002FC6A0 /* ViewController.m */,
				00F809E91E81246F002FC6A0 /* Main.storyboard */,
				003BBC8F1EF7B9E800EE2869 /* NJA.h */,
				003BBC901EF7B9E800EE2869 /* NJA.m */,
				00F809EC1E81246F002FC6A0 /* Assets.xcassets */,
				00F809EE1E81246F002FC6A0 /* LaunchScreen.storyboard */,
				00F809F11E81246F002FC6A0 /* Info.plist */,
				00F809E01E81246F002FC6A0 /* Supporting Files */,
			);
			path = NJProject;
			sourceTree = "<group>";
		};
		00F809E01E81246F002FC6A0 /* Supporting Files */ = {
			isa = PBXGroup;
			children = (
				1F25C7351F8EFD5200D2F9D8 /* ImageSource */,
				00F809E11E81246F002FC6A0 /* main.m */,
				00F80A011E81271A002FC6A0 /* PrefixHeader.pch */,
			);
			name = "Supporting Files";
			sourceTree = "<group>";
		};
		00F809F81E8124D8002FC6A0 /* FunctionGroup */ = {
			isa = PBXGroup;
			children = (
				1F82ED8C1F98525700145FF5 /* IQKeyboard */,
				1F4E64381F7BF5C2007D01EC /* OpenCVController */,
				1F12C5191F6A4FEC003C6565 /* PortraitCamera */,
				1F3DE3D41F698B380079216C /* CustomCamera */,
				1F2F95CE1F38029300BAD1E1 /* NJUtilityTest */,
				1FACB51A1F10C503008A3DFC /* CameraModel */,
				1F37327C1F0E629200D01F53 /* MessageForwarding */,
				00CBBFDB1EF9F30B00D9AEDB /* SDWebImageTest */,
				00CBBFCF1EF9EFF100D9AEDB /* QRCodeScan */,
				003BBC821EF79CC800EE2869 /* NJPhotos */,
				00F809F91E8124EA002FC6A0 /* MJRefreshFunc */,
			);
			path = FunctionGroup;
			sourceTree = "<group>";
		};
		00F809F91E8124EA002FC6A0 /* MJRefreshFunc */ = {
			isa = PBXGroup;
			children = (
				00F809FA1E8126BC002FC6A0 /* NJRefreshExampleViewController.h */,
				00F809FB1E8126BC002FC6A0 /* NJRefreshExampleViewController.m */,
				1FACB5171F0FD0D9008A3DFC /* NJCell.h */,
				1FACB5181F0FD0D9008A3DFC /* NJCell.m */,
			);
			path = MJRefreshFunc;
			sourceTree = "<group>";
		};
		00F809FD1E8126C2002FC6A0 /* Main */ = {
			isa = PBXGroup;
			children = (
				1F82EC9A1F94ABB000145FF5 /* NJNavigatorHeader.h */,
				00F809FE1E8126F7002FC6A0 /* NJBaseViewController.h */,
				00F809FF1E8126F7002FC6A0 /* NJBaseViewController.m */,
				003BBC7F1EF7969E00EE2869 /* NJNavigatorController.h */,
				003BBC801EF7969E00EE2869 /* NJNavigatorController.m */,
			);
			path = Main;
			sourceTree = "<group>";
		};
		00F80A021E81275D002FC6A0 /* Tools */ = {
			isa = PBXGroup;
			children = (
				1F82ED671F98523C00145FF5 /* IQKeyboardManager */,
				1F25C7481F8F3F9000D2F9D8 /* UIImageEx */,
				1F4E64331F7BF57E007D01EC /* OpenCV */,
				1F2F95CA1F37FC7500BAD1E1 /* NJUtility */,
				00CBBF9A1EF9EFDB00D9AEDB /* SDWebImage */,
				00F80A0D1E812B0E002FC6A0 /* MJRefresh */,
				00F80A041E8127D0002FC6A0 /* NJViewEx */,
			);
			path = Tools;
			sourceTree = "<group>";
		};
		00F80A041E8127D0002FC6A0 /* NJViewEx */ = {
			isa = PBXGroup;
			children = (
				00F80A051E8127D0002FC6A0 /* NJUtilities.h */,
				00F80A061E8127D0002FC6A0 /* UIButton+NJButton.h */,
				00F80A071E8127D0002FC6A0 /* UIButton+NJButton.m */,
				00F80A081E8127D0002FC6A0 /* UIView+NJView.h */,
				00F80A091E8127D0002FC6A0 /* UIView+NJView.m */,
				00F80A0C1E8127E0002FC6A0 /* NJViewExHeader.h */,
			);
			path = NJViewEx;
			sourceTree = "<group>";
		};
		00F80A0D1E812B0E002FC6A0 /* MJRefresh */ = {
			isa = PBXGroup;
			children = (
				00F80A0E1E812B0E002FC6A0 /* Base */,
				00F80A191E812B0E002FC6A0 /* Custom */,
				00F80A301E812B0E002FC6A0 /* MJRefresh.bundle */,
				00F80A311E812B0E002FC6A0 /* MJRefresh.h */,
				00F80A321E812B0E002FC6A0 /* MJRefreshConst.h */,
				00F80A331E812B0E002FC6A0 /* MJRefreshConst.m */,
				00F80A341E812B0E002FC6A0 /* NSBundle+MJRefresh.h */,
				00F80A351E812B0E002FC6A0 /* NSBundle+MJRefresh.m */,
				00F80A361E812B0E002FC6A0 /* UIScrollView+MJExtension.h */,
				00F80A371E812B0E002FC6A0 /* UIScrollView+MJExtension.m */,
				00F80A381E812B0E002FC6A0 /* UIScrollView+MJRefresh.h */,
				00F80A391E812B0E002FC6A0 /* UIScrollView+MJRefresh.m */,
				00F80A3A1E812B0E002FC6A0 /* UIView+MJExtension.h */,
				00F80A3B1E812B0E002FC6A0 /* UIView+MJExtension.m */,
			);
			path = MJRefresh;
			sourceTree = "<group>";
		};
		00F80A0E1E812B0E002FC6A0 /* Base */ = {
			isa = PBXGroup;
			children = (
				00F80A0F1E812B0E002FC6A0 /* MJRefreshAutoFooter.h */,
				00F80A101E812B0E002FC6A0 /* MJRefreshAutoFooter.m */,
				00F80A111E812B0E002FC6A0 /* MJRefreshBackFooter.h */,
				00F80A121E812B0E002FC6A0 /* MJRefreshBackFooter.m */,
				00F80A131E812B0E002FC6A0 /* MJRefreshComponent.h */,
				00F80A141E812B0E002FC6A0 /* MJRefreshComponent.m */,
				00F80A151E812B0E002FC6A0 /* MJRefreshFooter.h */,
				00F80A161E812B0E002FC6A0 /* MJRefreshFooter.m */,
				00F80A171E812B0E002FC6A0 /* MJRefreshHeader.h */,
				00F80A181E812B0E002FC6A0 /* MJRefreshHeader.m */,
			);
			path = Base;
			sourceTree = "<group>";
		};
		00F80A191E812B0E002FC6A0 /* Custom */ = {
			isa = PBXGroup;
			children = (
				00F80A1A1E812B0E002FC6A0 /* Footer */,
				00F80A291E812B0E002FC6A0 /* Header */,
			);
			path = Custom;
			sourceTree = "<group>";
		};
		00F80A1A1E812B0E002FC6A0 /* Footer */ = {
			isa = PBXGroup;
			children = (
				00F80A1B1E812B0E002FC6A0 /* Auto */,
				00F80A221E812B0E002FC6A0 /* Back */,
			);
			path = Footer;
			sourceTree = "<group>";
		};
		00F80A1B1E812B0E002FC6A0 /* Auto */ = {
			isa = PBXGroup;
			children = (
				00F80A1C1E812B0E002FC6A0 /* MJRefreshAutoGifFooter.h */,
				00F80A1D1E812B0E002FC6A0 /* MJRefreshAutoGifFooter.m */,
				00F80A1E1E812B0E002FC6A0 /* MJRefreshAutoNormalFooter.h */,
				00F80A1F1E812B0E002FC6A0 /* MJRefreshAutoNormalFooter.m */,
				00F80A201E812B0E002FC6A0 /* MJRefreshAutoStateFooter.h */,
				00F80A211E812B0E002FC6A0 /* MJRefreshAutoStateFooter.m */,
			);
			path = Auto;
			sourceTree = "<group>";
		};
		00F80A221E812B0E002FC6A0 /* Back */ = {
			isa = PBXGroup;
			children = (
				00F80A231E812B0E002FC6A0 /* MJRefreshBackGifFooter.h */,
				00F80A241E812B0E002FC6A0 /* MJRefreshBackGifFooter.m */,
				00F80A251E812B0E002FC6A0 /* MJRefreshBackNormalFooter.h */,
				00F80A261E812B0E002FC6A0 /* MJRefreshBackNormalFooter.m */,
				00F80A271E812B0E002FC6A0 /* MJRefreshBackStateFooter.h */,
				00F80A281E812B0E002FC6A0 /* MJRefreshBackStateFooter.m */,
			);
			path = Back;
			sourceTree = "<group>";
		};
		00F80A291E812B0E002FC6A0 /* Header */ = {
			isa = PBXGroup;
			children = (
				00F80A2A1E812B0E002FC6A0 /* MJRefreshGifHeader.h */,
				00F80A2B1E812B0E002FC6A0 /* MJRefreshGifHeader.m */,
				00F80A2C1E812B0E002FC6A0 /* MJRefreshNormalHeader.h */,
				00F80A2D1E812B0E002FC6A0 /* MJRefreshNormalHeader.m */,
				00F80A2E1E812B0E002FC6A0 /* MJRefreshStateHeader.h */,
				00F80A2F1E812B0E002FC6A0 /* MJRefreshStateHeader.m */,
			);
			path = Header;
			sourceTree = "<group>";
		};
		1F12C5191F6A4FEC003C6565 /* PortraitCamera */ = {
			isa = PBXGroup;
			children = (
				1F12C51A1F6A500E003C6565 /* NJPortraitCameraViewController.h */,
				1F12C51B1F6A500E003C6565 /* NJPortraitCameraViewController.m */,
				1F12C51D1F6A501E003C6565 /* NJPortraitCameraViewController.storyboard */,
				1F12C51F1F6A503D003C6565 /* NJCustomPortaitCameraViewController.h */,
				1F12C5201F6A503D003C6565 /* NJCustomPortaitCameraViewController.m */,
			);
			path = PortraitCamera;
			sourceTree = "<group>";
		};
		1F25C7351F8EFD5200D2F9D8 /* ImageSource */ = {
			isa = PBXGroup;
			children = (
				1F25C7401F8F096C00D2F9D8 /* src1.png */,
				1F25C7421F8F0B1B00D2F9D8 /* src2.png */,
				1F25C7431F8F0B1B00D2F9D8 /* src3.png */,
				1F25C7441F8F0B1B00D2F9D8 /* src4.png */,
				1F25C7501F8F53FC00D2F9D8 /* src5.png */,
				1F25C7521F8F54FA00D2F9D8 /* src6.png */,
				1F25C73E1F8F08EE00D2F9D8 /* src.png */,
				1F25C73A1F8F07BA00D2F9D8 /* target.png */,
				1F25C74D1F8F4BE100D2F9D8 /* gender.png */,
				1F25C74C1F8F4BE000D2F9D8 /* name.png */,
				1F25C7371F8EFD6500D2F9D8 /* template_src.png */,
				1F25C7361F8EFD6500D2F9D8 /* template_target.png */,
				1F25C7541F8F6DAF00D2F9D8 /* back1.png */,
				1F25C7561F8F6DBE00D2F9D8 /* emblem.png */,
			);
			path = ImageSource;
			sourceTree = "<group>";
		};
		1F25C7481F8F3F9000D2F9D8 /* UIImageEx */ = {
			isa = PBXGroup;
			children = (
				1F25C7491F8F3FB100D2F9D8 /* UIImage+NJOrientation.h */,
				1F25C74A1F8F3FB100D2F9D8 /* UIImage+NJOrientation.m */,
			);
			path = UIImageEx;
			sourceTree = "<group>";
		};
		1F2F95CA1F37FC7500BAD1E1 /* NJUtility */ = {
			isa = PBXGroup;
			children = (
				1F2F95CB1F37FCBE00BAD1E1 /* NJUtility.h */,
				1F2F95CC1F37FCBE00BAD1E1 /* NJUtility.m */,
			);
			path = NJUtility;
			sourceTree = "<group>";
		};
		1F2F95CE1F38029300BAD1E1 /* NJUtilityTest */ = {
			isa = PBXGroup;
			children = (
				1F2F95CF1F3802BE00BAD1E1 /* NJUtilityTestViewController.h */,
				1F2F95D01F3802BE00BAD1E1 /* NJUtilityTestViewController.m */,
			);
			path = NJUtilityTest;
			sourceTree = "<group>";
		};
		1F37327C1F0E629200D01F53 /* MessageForwarding */ = {
			isa = PBXGroup;
			children = (
				1F37327D1F0E631D00D01F53 /* NJMessageForwardController.h */,
				1F37327E1F0E631D00D01F53 /* NJMessageForwardController.m */,
			);
			path = MessageForwarding;
			sourceTree = "<group>";
		};
		1F3DE3D41F698B380079216C /* CustomCamera */ = {
			isa = PBXGroup;
			children = (
				1F3DE3D51F698DCD0079216C /* NJCameraViewController.h */,
				1F3DE3D61F698DCD0079216C /* NJCameraViewController.m */,
				1F3DE3DB1F6990D30079216C /* NJCameraViewController.storyboard */,
				1F3DE3D81F698E030079216C /* NJCustomCameraViewController.h */,
				1F3DE3D91F698E030079216C /* NJCustomCameraViewController.m */,
			);
			path = CustomCamera;
			sourceTree = "<group>";
		};
		1F4E64331F7BF57E007D01EC /* OpenCV */ = {
			isa = PBXGroup;
			children = (
				1F4E64361F7BF5BB007D01EC /* libjpeg.a */,
				1F4E64341F7BF5B6007D01EC /* opencv2.framework */,
			);
			path = OpenCV;
			sourceTree = "<group>";
		};
		1F4E64381F7BF5C2007D01EC /* OpenCVController */ = {
			isa = PBXGroup;
			children = (
				1F4E643C1F7BF5FD007D01EC /* OpenCVUtils */,
				1F2275F31F7C99F700ACE1BF /* NJOpenCVBaseViewController.h */,
				1F2275F41F7C99F700ACE1BF /* NJOpenCVBaseViewController.m */,
				1F4E64391F7BF5F3007D01EC /* NJHIstogramViewController.h */,
				1F4E643A1F7BF5F3007D01EC /* NJHIstogramViewController.m */,
				1F2275F01F7C994100ACE1BF /* NJFindContoursViewController.h */,
				1F2275F11F7C994100ACE1BF /* NJFindContoursViewController.m */,
				1F25C7311F8EF53000D2F9D8 /* NJTemplateMatchingViewController.h */,
				1F25C7321F8EF53000D2F9D8 /* NJTemplateMatchingViewController.mm */,
				1F82EC971F94AB1D00145FF5 /* NJHoughLineViewController.h */,
				1F82EC981F94AB1D00145FF5 /* NJHoughLineViewController.m */,
			);
			path = OpenCVController;
			sourceTree = "<group>";
		};
		1F4E643C1F7BF5FD007D01EC /* OpenCVUtils */ = {
			isa = PBXGroup;
			children = (
				1F4E643D1F7BF710007D01EC /* NJOpenCVUtils.h */,
				1F4E643E1F7BF710007D01EC /* NJOpenCVUtils.mm */,
			);
			path = OpenCVUtils;
			sourceTree = "<group>";
		};
		1F4E64401F7BF9A4007D01EC /* Frameworks */ = {
			isa = PBXGroup;
			children = (
				1F4E64551F7BF9E3007D01EC /* AVFoundation.framework */,
				1F4E64531F7BF9DE007D01EC /* AssetsLibrary.framework */,
				1F4E64511F7BF9D6007D01EC /* CoreMedia.framework */,
				1F4E644F1F7BF9CE007D01EC /* libc++.tbd */,
				1F4E644D1F7BF9C8007D01EC /* UIKit.framework */,
				1F4E644B1F7BF9C3007D01EC /* Accelerate.framework */,
				1F4E64491F7BF9BD007D01EC /* Foundation.framework */,
				1F4E64471F7BF9B8007D01EC /* QuartzCore.framework */,
				1F4E64451F7BF9B0007D01EC /* CoreVideo.framework */,
				1F4E64431F7BF9A9007D01EC /* CoreImage.framework */,
				1F4E64411F7BF9A4007D01EC /* CoreGraphics.framework */,
			);
			name = Frameworks;
			sourceTree = "<group>";
		};
		1F82ED671F98523C00145FF5 /* IQKeyboardManager */ = {
			isa = PBXGroup;
			children = (
				1F82ED681F98523C00145FF5 /* Categories */,
				1F82ED751F98523C00145FF5 /* Constants */,
				1F82ED781F98523C00145FF5 /* IQKeyboardManager.h */,
				1F82ED791F98523C00145FF5 /* IQKeyboardManager.m */,
				1F82ED7A1F98523C00145FF5 /* IQKeyboardReturnKeyHandler.h */,
				1F82ED7B1F98523C00145FF5 /* IQKeyboardReturnKeyHandler.m */,
				1F82ED7C1F98523C00145FF5 /* IQTextView */,
				1F82ED7F1F98523C00145FF5 /* IQToolbar */,
				1F82ED8A1F98523C00145FF5 /* Resources */,
			);
			path = IQKeyboardManager;
			sourceTree = "<group>";
		};
		1F82ED681F98523C00145FF5 /* Categories */ = {
			isa = PBXGroup;
			children = (
				1F82ED691F98523C00145FF5 /* IQNSArray+Sort.h */,
				1F82ED6A1F98523C00145FF5 /* IQNSArray+Sort.m */,
				1F82ED6B1F98523C00145FF5 /* IQUIScrollView+Additions.h */,
				1F82ED6C1F98523C00145FF5 /* IQUIScrollView+Additions.m */,
				1F82ED6D1F98523C00145FF5 /* IQUITextFieldView+Additions.h */,
				1F82ED6E1F98523C00145FF5 /* IQUITextFieldView+Additions.m */,
				1F82ED6F1F98523C00145FF5 /* IQUIView+Hierarchy.h */,
				1F82ED701F98523C00145FF5 /* IQUIView+Hierarchy.m */,
				1F82ED711F98523C00145FF5 /* IQUIViewController+Additions.h */,
				1F82ED721F98523C00145FF5 /* IQUIViewController+Additions.m */,
				1F82ED731F98523C00145FF5 /* IQUIWindow+Hierarchy.h */,
				1F82ED741F98523C00145FF5 /* IQUIWindow+Hierarchy.m */,
			);
			path = Categories;
			sourceTree = "<group>";
		};
		1F82ED751F98523C00145FF5 /* Constants */ = {
			isa = PBXGroup;
			children = (
				1F82ED761F98523C00145FF5 /* IQKeyboardManagerConstants.h */,
				1F82ED771F98523C00145FF5 /* IQKeyboardManagerConstantsInternal.h */,
			);
			path = Constants;
			sourceTree = "<group>";
		};
		1F82ED7C1F98523C00145FF5 /* IQTextView */ = {
			isa = PBXGroup;
			children = (
				1F82ED7D1F98523C00145FF5 /* IQTextView.h */,
				1F82ED7E1F98523C00145FF5 /* IQTextView.m */,
			);
			path = IQTextView;
			sourceTree = "<group>";
		};
		1F82ED7F1F98523C00145FF5 /* IQToolbar */ = {
			isa = PBXGroup;
			children = (
				1F82ED801F98523C00145FF5 /* IQBarButtonItem.h */,
				1F82ED811F98523C00145FF5 /* IQBarButtonItem.m */,
				1F82ED821F98523C00145FF5 /* IQPreviousNextView.h */,
				1F82ED831F98523C00145FF5 /* IQPreviousNextView.m */,
				1F82ED841F98523C00145FF5 /* IQTitleBarButtonItem.h */,
				1F82ED851F98523C00145FF5 /* IQTitleBarButtonItem.m */,
				1F82ED861F98523C00145FF5 /* IQToolbar.h */,
				1F82ED871F98523C00145FF5 /* IQToolbar.m */,
				1F82ED881F98523C00145FF5 /* IQUIView+IQKeyboardToolbar.h */,
				1F82ED891F98523C00145FF5 /* IQUIView+IQKeyboardToolbar.m */,
			);
			path = IQToolbar;
			sourceTree = "<group>";
		};
		1F82ED8A1F98523C00145FF5 /* Resources */ = {
			isa = PBXGroup;
			children = (
				1F82ED8B1F98523C00145FF5 /* IQKeyboardManager.bundle */,
			);
			path = Resources;
			sourceTree = "<group>";
		};
		1F82ED8C1F98525700145FF5 /* IQKeyboard */ = {
			isa = PBXGroup;
			children = (
				1F82ED8D1F98526F00145FF5 /* NJIQKeyboardViewController.h */,
				1F82ED8E1F98526F00145FF5 /* NJIQKeyboardViewController.m */,
			);
			path = IQKeyboard;
			sourceTree = "<group>";
		};
		1FACB51A1F10C503008A3DFC /* CameraModel */ = {
			isa = PBXGroup;
			children = (
				1FACB51B1F10C544008A3DFC /* NJCameraController.h */,
				1FACB51C1F10C544008A3DFC /* NJCameraController.m */,
			);
			path = CameraModel;
			sourceTree = "<group>";
		};
/* End PBXGroup section */

/* Begin PBXNativeTarget section */
		00F809DC1E81246F002FC6A0 /* NJProject */ = {
			isa = PBXNativeTarget;
			buildConfigurationList = 00F809F41E81246F002FC6A0 /* Build configuration list for PBXNativeTarget "NJProject" */;
			buildPhases = (
				00F809D91E81246F002FC6A0 /* Sources */,
				00F809DA1E81246F002FC6A0 /* Frameworks */,
				00F809DB1E81246F002FC6A0 /* Resources */,
			);
			buildRules = (
			);
			dependencies = (
			);
			name = NJProject;
			productName = NJProject;
			productReference = 00F809DD1E81246F002FC6A0 /* NJProject.app */;
			productType = "com.apple.product-type.application";
		};
/* End PBXNativeTarget section */

/* Begin PBXProject section */
		00F809D51E81246F002FC6A0 /* Project object */ = {
			isa = PBXProject;
			attributes = {
				CLASSPREFIX = NJ;
				LastUpgradeCheck = 0820;
				ORGANIZATIONNAME = Ninja;
				TargetAttributes = {
					00F809DC1E81246F002FC6A0 = {
						CreatedOnToolsVersion = 8.2.1;
						DevelopmentTeam = B5G9R9WR6W;
						LastSwiftMigration = 0820;
						ProvisioningStyle = Automatic;
					};
				};
			};
			buildConfigurationList = 00F809D81E81246F002FC6A0 /* Build configuration list for PBXProject "NJProject" */;
			compatibilityVersion = "Xcode 3.2";
			developmentRegion = English;
			hasScannedForEncodings = 0;
			knownRegions = (
				en,
				Base,
			);
			mainGroup = 00F809D41E81246F002FC6A0;
			productRefGroup = 00F809DE1E81246F002FC6A0 /* Products */;
			projectDirPath = "";
			projectRoot = "";
			targets = (
				00F809DC1E81246F002FC6A0 /* NJProject */,
			);
		};
/* End PBXProject section */

/* Begin PBXResourcesBuildPhase section */
		00F809DB1E81246F002FC6A0 /* Resources */ = {
			isa = PBXResourcesBuildPhase;
			buildActionMask = 2147483647;
			files = (
				1F12C51E1F6A501E003C6565 /* NJPortraitCameraViewController.storyboard in Resources */,
				1F25C7471F8F0B1F00D2F9D8 /* src4.png in Resources */,
				1F3DE3DC1F6990D30079216C /* NJCameraViewController.storyboard in Resources */,
				00CBBFDA1EF9EFF100D9AEDB /* QRCodeScanViewController.storyboard in Resources */,
				1F25C74E1F8F4BE400D2F9D8 /* gender.png in Resources */,
				00CBBFE01EF9F33C00D9AEDB /* NJSDWebImageTest.storyboard in Resources */,
				1F25C7411F8F098700D2F9D8 /* src1.png in Resources */,
				1F25C7571F8F6E1000D2F9D8 /* emblem.png in Resources */,
				003BBC8E1EF7A01900EE2869 /* NJPhotosController.storyboard in Resources */,
				1F25C7551F8F6DB300D2F9D8 /* back1.png in Resources */,
				1F25C7461F8F0B1F00D2F9D8 /* src3.png in Resources */,
				1F25C7391F8EFF3200D2F9D8 /* template_target.png in Resources */,
				1F25C73F1F8F08F000D2F9D8 /* src.png in Resources */,
				00F809F01E81246F002FC6A0 /* LaunchScreen.storyboard in Resources */,
				1F25C74F1F8F4BE400D2F9D8 /* name.png in Resources */,
				00F809ED1E81246F002FC6A0 /* Assets.xcassets in Resources */,
				00F80A4A1E812B0E002FC6A0 /* MJRefresh.bundle in Resources */,
				1F25C7451F8F0B1F00D2F9D8 /* src2.png in Resources */,
				1F25C7511F8F53FE00D2F9D8 /* src5.png in Resources */,
				1F25C7531F8F54FD00D2F9D8 /* src6.png in Resources */,
				1F25C73D1F8F081500D2F9D8 /* target.png in Resources */,
				1F25C7381F8EFF3000D2F9D8 /* template_src.png in Resources */,
				00F809EB1E81246F002FC6A0 /* Main.storyboard in Resources */,
			);
			runOnlyForDeploymentPostprocessing = 0;
		};
/* End PBXResourcesBuildPhase section */

/* Begin PBXSourcesBuildPhase section */
		00F809D91E81246F002FC6A0 /* Sources */ = {
			isa = PBXSourcesBuildPhase;
			buildActionMask = 2147483647;
			files = (
				1F82ED991F98547E00145FF5 /* IQNSArray+Sort.m in Sources */,
				00CBBFCB1EF9EFDB00D9AEDB /* UIImageView+HighlightedWebCache.m in Sources */,
				003BBC911EF7B9E800EE2869 /* NJA.m in Sources */,
				00CBBFCD1EF9EFDB00D9AEDB /* UIView+WebCache.m in Sources */,
				00CBBFDE1EF9F33400D9AEDB /* NJSDWebImageTest.m in Sources */,
				1F37327F1F0E631D00D01F53 /* NJMessageForwardController.m in Sources */,
				1F82ED8F1F98526F00145FF5 /* NJIQKeyboardViewController.m in Sources */,
				00F80A0B1E8127D0002FC6A0 /* UIView+NJView.m in Sources */,
				00F80A3F1E812B0E002FC6A0 /* MJRefreshFooter.m in Sources */,
				1F82ED951F98546F00145FF5 /* IQPreviousNextView.m in Sources */,
				00CBBFC61EF9EFDB00D9AEDB /* SDWebImageManager.m in Sources */,
				00F80A431E812B0E002FC6A0 /* MJRefreshAutoStateFooter.m in Sources */,
				00CBBFCC1EF9EFDB00D9AEDB /* UIImageView+WebCache.m in Sources */,
				1F2A788E1F676B9100728902 /* NJQRCodeScanShadowLayer.m in Sources */,
				00CBBFD81EF9EFF100D9AEDB /* NJQRCodeScanOC.m in Sources */,
				1F12C51C1F6A500E003C6565 /* NJPortraitCameraViewController.m in Sources */,
				00F809E81E81246F002FC6A0 /* ViewController.m in Sources */,
				1F82ED931F98546F00145FF5 /* IQKeyboardReturnKeyHandler.m in Sources */,
				1F12C5211F6A503D003C6565 /* NJCustomPortaitCameraViewController.m in Sources */,
				003BBC811EF7969E00EE2869 /* NJNavigatorController.m in Sources */,
				00CBBFCA1EF9EFDB00D9AEDB /* UIImage+MultiFormat.m in Sources */,
				1F2F95CD1F37FCBE00BAD1E1 /* NJUtility.m in Sources */,
				00F80A3E1E812B0E002FC6A0 /* MJRefreshComponent.m in Sources */,
				1F82ED9A1F98547E00145FF5 /* IQUIScrollView+Additions.m in Sources */,
				00CBBFC41EF9EFDB00D9AEDB /* SDWebImageDownloader.m in Sources */,
				00F80A411E812B0E002FC6A0 /* MJRefreshAutoGifFooter.m in Sources */,
				1F82ED9D1F98547E00145FF5 /* IQUIViewController+Additions.m in Sources */,
				1F82ED9F1F98547E00145FF5 /* IQTextView.m in Sources */,
				1F3DE3D71F698DCD0079216C /* NJCameraViewController.m in Sources */,
				1F2275F21F7C994100ACE1BF /* NJFindContoursViewController.m in Sources */,
				00CBBFBF1EF9EFDB00D9AEDB /* NSImage+WebCache.m in Sources */,
				00F80A481E812B0E002FC6A0 /* MJRefreshNormalHeader.m in Sources */,
				00F80A451E812B0E002FC6A0 /* MJRefreshBackNormalFooter.m in Sources */,
				00CBBFBE1EF9EFDB00D9AEDB /* NSData+ImageContentType.m in Sources */,
				1F82ECC91F94BFC300145FF5 /* NJOpenCVBaseViewController.m in Sources */,
				1F82ED981F98546F00145FF5 /* IQUIView+IQKeyboardToolbar.m in Sources */,
				1FACB51D1F10C544008A3DFC /* NJCameraController.m in Sources */,
				00CBBFC31EF9EFDB00D9AEDB /* SDWebImageDecoder.m in Sources */,
				00CBBFC71EF9EFDB00D9AEDB /* SDWebImagePrefetcher.m in Sources */,
				00F80A4B1E812B0E002FC6A0 /* MJRefreshConst.m in Sources */,
				00F80A4F1E812B0E002FC6A0 /* UIView+MJExtension.m in Sources */,
				00F80A421E812B0E002FC6A0 /* MJRefreshAutoNormalFooter.m in Sources */,
				00F80A461E812B0E002FC6A0 /* MJRefreshBackStateFooter.m in Sources */,
				1F25C74B1F8F3FB100D2F9D8 /* UIImage+NJOrientation.m in Sources */,
				1F82ED9B1F98547E00145FF5 /* IQUITextFieldView+Additions.m in Sources */,
				1F82ED961F98546F00145FF5 /* IQTitleBarButtonItem.m in Sources */,
				00F809E51E81246F002FC6A0 /* AppDelegate.m in Sources */,
				00F80A4D1E812B0E002FC6A0 /* UIScrollView+MJExtension.m in Sources */,
				00CBBFC91EF9EFDB00D9AEDB /* UIImage+GIF.m in Sources */,
				00F80A4E1E812B0E002FC6A0 /* UIScrollView+MJRefresh.m in Sources */,
				00CBBFC11EF9EFDB00D9AEDB /* SDImageCacheConfig.m in Sources */,
				1F82ED941F98546F00145FF5 /* IQBarButtonItem.m in Sources */,
				00F809FC1E8126BC002FC6A0 /* NJRefreshExampleViewController.m in Sources */,
				1F82ED971F98546F00145FF5 /* IQToolbar.m in Sources */,
				1F82EC9B1F94AC0300145FF5 /* NJHoughLineViewController.m in Sources */,
				00F80A471E812B0E002FC6A0 /* MJRefreshGifHeader.m in Sources */,
				00F809E21E81246F002FC6A0 /* main.m in Sources */,
				00CBBFC51EF9EFDB00D9AEDB /* SDWebImageDownloaderOperation.m in Sources */,
				1F2F95D11F3802BE00BAD1E1 /* NJUtilityTestViewController.m in Sources */,
				00F80A401E812B0E002FC6A0 /* MJRefreshHeader.m in Sources */,
				00F80A001E8126F7002FC6A0 /* NJBaseViewController.m in Sources */,
				00CBBFC21EF9EFDB00D9AEDB /* SDWebImageCompat.m in Sources */,
				1F25C7331F8EF53000D2F9D8 /* NJTemplateMatchingViewController.mm in Sources */,
				1F4E643F1F7BF710007D01EC /* NJOpenCVUtils.mm in Sources */,
				00F80A491E812B0E002FC6A0 /* MJRefreshStateHeader.m in Sources */,
				00F80A3D1E812B0E002FC6A0 /* MJRefreshBackFooter.m in Sources */,
				1F82EC9D1F94AC3A00145FF5 /* NJHIstogramViewController.m in Sources */,
				00CBBFD71EF9EFF100D9AEDB /* NJQRCodeScanController.swift in Sources */,
				1F82ED921F98546F00145FF5 /* IQKeyboardManager.m in Sources */,
				00CBBFC81EF9EFDB00D9AEDB /* UIButton+WebCache.m in Sources */,
				1FACB5191F0FD0D9008A3DFC /* NJCell.m in Sources */,
				00F80A4C1E812B0E002FC6A0 /* NSBundle+MJRefresh.m in Sources */,
				003BBC8B1EF79D1400EE2869 /* NJPhotosController.m in Sources */,
				00F80A3C1E812B0E002FC6A0 /* MJRefreshAutoFooter.m in Sources */,
				00CBBFD91EF9EFF100D9AEDB /* QRCodeScanViewController.m in Sources */,
				00CBBFCE1EF9EFDB00D9AEDB /* UIView+WebCacheOperation.m in Sources */,
				1F82ED9E1F98547E00145FF5 /* IQUIWindow+Hierarchy.m in Sources */,
				1F3DE3DA1F698E030079216C /* NJCustomCameraViewController.m in Sources */,
				00F80A0A1E8127D0002FC6A0 /* UIButton+NJButton.m in Sources */,
				1F82ED9C1F98547E00145FF5 /* IQUIView+Hierarchy.m in Sources */,
				00F80A441E812B0E002FC6A0 /* MJRefreshBackGifFooter.m in Sources */,
				00CBBFC01EF9EFDB00D9AEDB /* SDImageCache.m in Sources */,
			);
			runOnlyForDeploymentPostprocessing = 0;
		};
/* End PBXSourcesBuildPhase section */

/* Begin PBXVariantGroup section */
		00F809E91E81246F002FC6A0 /* Main.storyboard */ = {
			isa = PBXVariantGroup;
			children = (
				00F809EA1E81246F002FC6A0 /* Base */,
			);
			name = Main.storyboard;
			sourceTree = "<group>";
		};
		00F809EE1E81246F002FC6A0 /* LaunchScreen.storyboard */ = {
			isa = PBXVariantGroup;
			children = (
				00F809EF1E81246F002FC6A0 /* Base */,
			);
			name = LaunchScreen.storyboard;
			sourceTree = "<group>";
		};
/* End PBXVariantGroup section */

/* Begin XCBuildConfiguration section */
		00F809F21E81246F002FC6A0 /* Debug */ = {
			isa = XCBuildConfiguration;
			buildSettings = {
				ALWAYS_SEARCH_USER_PATHS = NO;
				CLANG_ANALYZER_NONNULL = YES;
				CLANG_CXX_LANGUAGE_STANDARD = "gnu++0x";
				CLANG_CXX_LIBRARY = "libc++";
				CLANG_ENABLE_MODULES = YES;
				CLANG_ENABLE_OBJC_ARC = YES;
				CLANG_WARN_BOOL_CONVERSION = YES;
				CLANG_WARN_CONSTANT_CONVERSION = YES;
				CLANG_WARN_DIRECT_OBJC_ISA_USAGE = YES_ERROR;
				CLANG_WARN_DOCUMENTATION_COMMENTS = YES;
				CLANG_WARN_EMPTY_BODY = YES;
				CLANG_WARN_ENUM_CONVERSION = YES;
				CLANG_WARN_INFINITE_RECURSION = YES;
				CLANG_WARN_INT_CONVERSION = YES;
				CLANG_WARN_OBJC_ROOT_CLASS = YES_ERROR;
				CLANG_WARN_SUSPICIOUS_MOVE = YES;
				CLANG_WARN_UNREACHABLE_CODE = YES;
				CLANG_WARN__DUPLICATE_METHOD_MATCH = YES;
				"CODE_SIGN_IDENTITY[sdk=iphoneos*]" = "iPhone Developer";
				COPY_PHASE_STRIP = NO;
				DEBUG_INFORMATION_FORMAT = dwarf;
				ENABLE_STRICT_OBJC_MSGSEND = YES;
				ENABLE_TESTABILITY = YES;
				GCC_C_LANGUAGE_STANDARD = gnu99;
				GCC_DYNAMIC_NO_PIC = NO;
				GCC_NO_COMMON_BLOCKS = YES;
				GCC_OPTIMIZATION_LEVEL = 0;
				GCC_PREPROCESSOR_DEFINITIONS = (
					"DEBUG=1",
					"$(inherited)",
				);
				GCC_WARN_64_TO_32_BIT_CONVERSION = YES;
				GCC_WARN_ABOUT_RETURN_TYPE = YES_ERROR;
				GCC_WARN_UNDECLARED_SELECTOR = YES;
				GCC_WARN_UNINITIALIZED_AUTOS = YES_AGGRESSIVE;
				GCC_WARN_UNUSED_FUNCTION = YES;
				GCC_WARN_UNUSED_VARIABLE = YES;
				IPHONEOS_DEPLOYMENT_TARGET = 10.2;
				MTL_ENABLE_DEBUG_INFO = YES;
				ONLY_ACTIVE_ARCH = YES;
				SDKROOT = iphoneos;
			};
			name = Debug;
		};
		00F809F31E81246F002FC6A0 /* Release */ = {
			isa = XCBuildConfiguration;
			buildSettings = {
				ALWAYS_SEARCH_USER_PATHS = NO;
				CLANG_ANALYZER_NONNULL = YES;
				CLANG_CXX_LANGUAGE_STANDARD = "gnu++0x";
				CLANG_CXX_LIBRARY = "libc++";
				CLANG_ENABLE_MODULES = YES;
				CLANG_ENABLE_OBJC_ARC = YES;
				CLANG_WARN_BOOL_CONVERSION = YES;
				CLANG_WARN_CONSTANT_CONVERSION = YES;
				CLANG_WARN_DIRECT_OBJC_ISA_USAGE = YES_ERROR;
				CLANG_WARN_DOCUMENTATION_COMMENTS = YES;
				CLANG_WARN_EMPTY_BODY = YES;
				CLANG_WARN_ENUM_CONVERSION = YES;
				CLANG_WARN_INFINITE_RECURSION = YES;
				CLANG_WARN_INT_CONVERSION = YES;
				CLANG_WARN_OBJC_ROOT_CLASS = YES_ERROR;
				CLANG_WARN_SUSPICIOUS_MOVE = YES;
				CLANG_WARN_UNREACHABLE_CODE = YES;
				CLANG_WARN__DUPLICATE_METHOD_MATCH = YES;
				"CODE_SIGN_IDENTITY[sdk=iphoneos*]" = "iPhone Developer";
				COPY_PHASE_STRIP = NO;
				DEBUG_INFORMATION_FORMAT = "dwarf-with-dsym";
				ENABLE_NS_ASSERTIONS = NO;
				ENABLE_STRICT_OBJC_MSGSEND = YES;
				GCC_C_LANGUAGE_STANDARD = gnu99;
				GCC_NO_COMMON_BLOCKS = YES;
				GCC_WARN_64_TO_32_BIT_CONVERSION = YES;
				GCC_WARN_ABOUT_RETURN_TYPE = YES_ERROR;
				GCC_WARN_UNDECLARED_SELECTOR = YES;
				GCC_WARN_UNINITIALIZED_AUTOS = YES_AGGRESSIVE;
				GCC_WARN_UNUSED_FUNCTION = YES;
				GCC_WARN_UNUSED_VARIABLE = YES;
				IPHONEOS_DEPLOYMENT_TARGET = 10.2;
				MTL_ENABLE_DEBUG_INFO = NO;
				SDKROOT = iphoneos;
				VALIDATE_PRODUCT = YES;
			};
			name = Release;
		};
		00F809F51E81246F002FC6A0 /* Debug */ = {
			isa = XCBuildConfiguration;
			buildSettings = {
				ASSETCATALOG_COMPILER_APPICON_NAME = AppIcon;
				CLANG_ENABLE_MODULES = YES;
				DEFINES_MODULE = NO;
				DEVELOPMENT_TEAM = B5G9R9WR6W;
				ENABLE_BITCODE = NO;
				FRAMEWORK_SEARCH_PATHS = (
					"$(inherited)",
					"$(PROJECT_DIR)/NJProject/Tools/OpenCV",
				);
				GCC_PREFIX_HEADER = ./NJProject/PrefixHeader.pch;
				INFOPLIST_FILE = NJProject/Info.plist;
				IPHONEOS_DEPLOYMENT_TARGET = 8.0;
				LD_RUNPATH_SEARCH_PATHS = "$(inherited) @executable_path/Frameworks";
				LIBRARY_SEARCH_PATHS = (
					"$(inherited)",
					"$(PROJECT_DIR)/NJProject/Tools/OpenCV",
				);
				PRODUCT_BUNDLE_IDENTIFIER = com.own.NJProjec;
				PRODUCT_NAME = "$(TARGET_NAME)";
				STRIP_PNG_TEXT = YES;
				SWIFT_OBJC_BRIDGING_HEADER = "NJProject/FunctionGroup/QRCodeScan/NJProject-Bridging-Header.h";
				SWIFT_OPTIMIZATION_LEVEL = "-Onone";
				SWIFT_VERSION = 3.0;
				VALID_ARCHS = "armv7 armv7s arm64";
			};
			name = Debug;
		};
		00F809F61E81246F002FC6A0 /* Release */ = {
			isa = XCBuildConfiguration;
			buildSettings = {
				ASSETCATALOG_COMPILER_APPICON_NAME = AppIcon;
				CLANG_ENABLE_MODULES = YES;
				DEFINES_MODULE = NO;
				DEVELOPMENT_TEAM = B5G9R9WR6W;
				ENABLE_BITCODE = NO;
				FRAMEWORK_SEARCH_PATHS = (
					"$(inherited)",
					"$(PROJECT_DIR)/NJProject/Tools/OpenCV",
				);
				GCC_PREFIX_HEADER = ./NJProject/PrefixHeader.pch;
				INFOPLIST_FILE = NJProject/Info.plist;
				IPHONEOS_DEPLOYMENT_TARGET = 8.0;
				LD_RUNPATH_SEARCH_PATHS = "$(inherited) @executable_path/Frameworks";
				LIBRARY_SEARCH_PATHS = (
					"$(inherited)",
					"$(PROJECT_DIR)/NJProject/Tools/OpenCV",
				);
				PRODUCT_BUNDLE_IDENTIFIER = com.own.NJProjec;
				PRODUCT_NAME = "$(TARGET_NAME)";
				STRIP_PNG_TEXT = YES;
				SWIFT_OBJC_BRIDGING_HEADER = "NJProject/FunctionGroup/QRCodeScan/NJProject-Bridging-Header.h";
				SWIFT_VERSION = 3.0;
				VALID_ARCHS = "armv7 armv7s arm64";
			};
			name = Release;
		};
/* End XCBuildConfiguration section */

/* Begin XCConfigurationList section */
		00F809D81E81246F002FC6A0 /* Build configuration list for PBXProject "NJProject" */ = {
			isa = XCConfigurationList;
			buildConfigurations = (
				00F809F21E81246F002FC6A0 /* Debug */,
				00F809F31E81246F002FC6A0 /* Release */,
			);
			defaultConfigurationIsVisible = 0;
			defaultConfigurationName = Release;
		};
		00F809F41E81246F002FC6A0 /* Build configuration list for PBXNativeTarget "NJProject" */ = {
			isa = XCConfigurationList;
			buildConfigurations = (
				00F809F51E81246F002FC6A0 /* Debug */,
				00F809F61E81246F002FC6A0 /* Release */,
			);
			defaultConfigurationIsVisible = 0;
			defaultConfigurationName = Release;
		};
/* End XCConfigurationList section */
	};
	rootObject = 00F809D51E81246F002FC6A0 /* Project object */;
}
